// !$*UTF8*$!
{
	archiveVersion = 1;
	classes = {
	};
	objectVersion = 51;
	objects = {

/* Begin PBXBuildFile section */
		288B5BA0A70CBFDE5861F044 /* Pods_ChatApp.framework in Frameworks */ = {isa = PBXBuildFile; fileRef = CC2DBDB9563CCE3550A584D7 /* Pods_ChatApp.framework */; };
		BF08FACD25D8830D00D33DEF /* AppDelegate.swift in Sources */ = {isa = PBXBuildFile; fileRef = BF08FACC25D8830D00D33DEF /* AppDelegate.swift */; };
		BF08FAD125D8830D00D33DEF /* ProfileViewController.swift in Sources */ = {isa = PBXBuildFile; fileRef = BF08FAD025D8830D00D33DEF /* ProfileViewController.swift */; };
		BF08FAD625D8830E00D33DEF /* Assets.xcassets in Resources */ = {isa = PBXBuildFile; fileRef = BF08FAD525D8830E00D33DEF /* Assets.xcassets */; };
		BF08FAD925D8830E00D33DEF /* LaunchScreen.storyboard in Resources */ = {isa = PBXBuildFile; fileRef = BF08FAD725D8830E00D33DEF /* LaunchScreen.storyboard */; };
		BF08FAE325D8849800D33DEF /* Logging.swift in Sources */ = {isa = PBXBuildFile; fileRef = BF08FAE225D8849800D33DEF /* Logging.swift */; };
		BF2DE7B42603E30700F8A496 /* GCDDataManager.swift in Sources */ = {isa = PBXBuildFile; fileRef = BF2DE7B32603E30700F8A496 /* GCDDataManager.swift */; };
		BF2DE7B72603E36B00F8A496 /* LoadOperation.swift in Sources */ = {isa = PBXBuildFile; fileRef = BF2DE7B62603E36B00F8A496 /* LoadOperation.swift */; };
		BF2DE7BA2603E3AC00F8A496 /* OperationDataManager.swift in Sources */ = {isa = PBXBuildFile; fileRef = BF2DE7B92603E3AC00F8A496 /* OperationDataManager.swift */; };
		BF2DE7BD2603E3E800F8A496 /* SaveOperation.swift in Sources */ = {isa = PBXBuildFile; fileRef = BF2DE7BC2603E3E800F8A496 /* SaveOperation.swift */; };
		BF2DE7C02603E65A00F8A496 /* User.swift in Sources */ = {isa = PBXBuildFile; fileRef = BF2DE7BF2603E65A00F8A496 /* User.swift */; };
		BF7C432925EAE61600581B04 /* ConversationListViewController.swift in Sources */ = {isa = PBXBuildFile; fileRef = BF7C432825EAE61600581B04 /* ConversationListViewController.swift */; };
		BF7D175525F941E100012E0E /* ThemesViewController.swift in Sources */ = {isa = PBXBuildFile; fileRef = BF7D175425F941E100012E0E /* ThemesViewController.swift */; };
		BF7D175A25F9424800012E0E /* Themes.storyboard in Resources */ = {isa = PBXBuildFile; fileRef = BF7D175925F9424800012E0E /* Themes.storyboard */; };
		BF7D175D25F9429B00012E0E /* ThemesManager.swift in Sources */ = {isa = PBXBuildFile; fileRef = BF7D175C25F9429B00012E0E /* ThemesManager.swift */; };
		BF7D176025F942EA00012E0E /* ColorsModel.swift in Sources */ = {isa = PBXBuildFile; fileRef = BF7D175F25F942EA00012E0E /* ColorsModel.swift */; };
		BFB035DD260D11D700D52C8B /* .swiftlint.yml in Resources */ = {isa = PBXBuildFile; fileRef = BFB035DC260D11D700D52C8B /* .swiftlint.yml */; };
		BFB035E2260D11F500D52C8B /* GoogleService-Info.plist in Resources */ = {isa = PBXBuildFile; fileRef = BFB035E0260D11F500D52C8B /* GoogleService-Info.plist */; };
		BFB035E8260D145900D52C8B /* FirebaseManager.swift in Sources */ = {isa = PBXBuildFile; fileRef = BFB035E7260D145900D52C8B /* FirebaseManager.swift */; };
		BFB035ED260D14C700D52C8B /* AlertService.swift in Sources */ = {isa = PBXBuildFile; fileRef = BFB035EC260D14C700D52C8B /* AlertService.swift */; };
		BFB035F0260D1A0300D52C8B /* CustomTextField.swift in Sources */ = {isa = PBXBuildFile; fileRef = BFB035EF260D1A0300D52C8B /* CustomTextField.swift */; };
		BFB035F4260D1B2E00D52C8B /* Message.swift in Sources */ = {isa = PBXBuildFile; fileRef = BFB035F3260D1B2E00D52C8B /* Message.swift */; };
		BFB035F8260D1B7100D52C8B /* MessageCellModel.swift in Sources */ = {isa = PBXBuildFile; fileRef = BFB035F7260D1B7100D52C8B /* MessageCellModel.swift */; };
		BFB035FC260D1BAB00D52C8B /* MessageViewModelFactory.swift in Sources */ = {isa = PBXBuildFile; fileRef = BFB035FB260D1BAB00D52C8B /* MessageViewModelFactory.swift */; };
		BFB035FF260D1BF200D52C8B /* ConversationViewModelFactory.swift in Sources */ = {isa = PBXBuildFile; fileRef = BFB035FE260D1BF200D52C8B /* ConversationViewModelFactory.swift */; };
		BFB03602260D1C4B00D52C8B /* Channel.swift in Sources */ = {isa = PBXBuildFile; fileRef = BFB03601260D1C4B00D52C8B /* Channel.swift */; };
		BFB03605260D1C8E00D52C8B /* ConversationCellModel.swift in Sources */ = {isa = PBXBuildFile; fileRef = BFB03604260D1C8E00D52C8B /* ConversationCellModel.swift */; };
		BFB0360B260D1E2500D52C8B /* Conversation.storyboard in Resources */ = {isa = PBXBuildFile; fileRef = BFB0360A260D1E2500D52C8B /* Conversation.storyboard */; };
		BFB03611260D1EA800D52C8B /* SentMessageCell.swift in Sources */ = {isa = PBXBuildFile; fileRef = BFB03610260D1EA800D52C8B /* SentMessageCell.swift */; };
		BFB03614260D1EDD00D52C8B /* ReceivedMessageCell.swift in Sources */ = {isa = PBXBuildFile; fileRef = BFB03613260D1EDD00D52C8B /* ReceivedMessageCell.swift */; };
		BFB0361E260D205600D52C8B /* ConversationCell.swift in Sources */ = {isa = PBXBuildFile; fileRef = BFB0361D260D205600D52C8B /* ConversationCell.swift */; };
		BFB03623260D239F00D52C8B /* Constants.swift in Sources */ = {isa = PBXBuildFile; fileRef = BFB03622260D239F00D52C8B /* Constants.swift */; };
		BFB03629260D250A00D52C8B /* ConversationList.storyboard in Resources */ = {isa = PBXBuildFile; fileRef = BFB03628260D250A00D52C8B /* ConversationList.storyboard */; };
		BFD99E8B25F0198200946323 /* ConversationViewController.swift in Sources */ = {isa = PBXBuildFile; fileRef = BFD99E8A25F0198200946323 /* ConversationViewController.swift */; };
		BFF8C60B2603FCA30050D03A /* AvatarView.swift in Sources */ = {isa = PBXBuildFile; fileRef = BFF8C60A2603FCA30050D03A /* AvatarView.swift */; };
		BFF8C60E2603FE6F0050D03A /* Profile.storyboard in Resources */ = {isa = PBXBuildFile; fileRef = BFF8C60D2603FE6F0050D03A /* Profile.storyboard */; };
/* End PBXBuildFile section */

/* Begin PBXFileReference section */
		07B5DCB5A666BA4A9F07F95E /* Pods-ChatApp.debug.xcconfig */ = {isa = PBXFileReference; includeInIndex = 1; lastKnownFileType = text.xcconfig; name = "Pods-ChatApp.debug.xcconfig"; path = "Target Support Files/Pods-ChatApp/Pods-ChatApp.debug.xcconfig"; sourceTree = "<group>"; };
		09B0E485BB0422705BBA54EF /* Pods-ChatApp.release.xcconfig */ = {isa = PBXFileReference; includeInIndex = 1; lastKnownFileType = text.xcconfig; name = "Pods-ChatApp.release.xcconfig"; path = "Target Support Files/Pods-ChatApp/Pods-ChatApp.release.xcconfig"; sourceTree = "<group>"; };
		BF08FAC925D8830D00D33DEF /* ChatApp.app */ = {isa = PBXFileReference; explicitFileType = wrapper.application; includeInIndex = 0; path = ChatApp.app; sourceTree = BUILT_PRODUCTS_DIR; };
		BF08FACC25D8830D00D33DEF /* AppDelegate.swift */ = {isa = PBXFileReference; lastKnownFileType = sourcecode.swift; path = AppDelegate.swift; sourceTree = "<group>"; };
		BF08FAD025D8830D00D33DEF /* ProfileViewController.swift */ = {isa = PBXFileReference; lastKnownFileType = sourcecode.swift; path = ProfileViewController.swift; sourceTree = "<group>"; };
		BF08FAD525D8830E00D33DEF /* Assets.xcassets */ = {isa = PBXFileReference; lastKnownFileType = folder.assetcatalog; path = Assets.xcassets; sourceTree = "<group>"; };
		BF08FAD825D8830E00D33DEF /* Base */ = {isa = PBXFileReference; lastKnownFileType = file.storyboard; name = Base; path = Base.lproj/LaunchScreen.storyboard; sourceTree = "<group>"; };
		BF08FADA25D8830E00D33DEF /* Info.plist */ = {isa = PBXFileReference; lastKnownFileType = text.plist.xml; path = Info.plist; sourceTree = "<group>"; };
		BF08FAE225D8849800D33DEF /* Logging.swift */ = {isa = PBXFileReference; lastKnownFileType = sourcecode.swift; path = Logging.swift; sourceTree = "<group>"; };
		BF2DE7B32603E30700F8A496 /* GCDDataManager.swift */ = {isa = PBXFileReference; lastKnownFileType = sourcecode.swift; path = GCDDataManager.swift; sourceTree = "<group>"; };
		BF2DE7B62603E36B00F8A496 /* LoadOperation.swift */ = {isa = PBXFileReference; lastKnownFileType = sourcecode.swift; path = LoadOperation.swift; sourceTree = "<group>"; };
		BF2DE7B92603E3AC00F8A496 /* OperationDataManager.swift */ = {isa = PBXFileReference; lastKnownFileType = sourcecode.swift; path = OperationDataManager.swift; sourceTree = "<group>"; };
		BF2DE7BC2603E3E800F8A496 /* SaveOperation.swift */ = {isa = PBXFileReference; lastKnownFileType = sourcecode.swift; path = SaveOperation.swift; sourceTree = "<group>"; };
		BF2DE7BF2603E65A00F8A496 /* User.swift */ = {isa = PBXFileReference; lastKnownFileType = sourcecode.swift; path = User.swift; sourceTree = "<group>"; };
		BF7C432825EAE61600581B04 /* ConversationListViewController.swift */ = {isa = PBXFileReference; lastKnownFileType = sourcecode.swift; path = ConversationListViewController.swift; sourceTree = "<group>"; };
		BF7D175425F941E100012E0E /* ThemesViewController.swift */ = {isa = PBXFileReference; lastKnownFileType = sourcecode.swift; path = ThemesViewController.swift; sourceTree = "<group>"; };
		BF7D175925F9424800012E0E /* Themes.storyboard */ = {isa = PBXFileReference; fileEncoding = 4; lastKnownFileType = file.storyboard; path = Themes.storyboard; sourceTree = "<group>"; };
		BF7D175C25F9429B00012E0E /* ThemesManager.swift */ = {isa = PBXFileReference; lastKnownFileType = sourcecode.swift; path = ThemesManager.swift; sourceTree = "<group>"; };
		BF7D175F25F942EA00012E0E /* ColorsModel.swift */ = {isa = PBXFileReference; lastKnownFileType = sourcecode.swift; path = ColorsModel.swift; sourceTree = "<group>"; };
		BFB035DC260D11D700D52C8B /* .swiftlint.yml */ = {isa = PBXFileReference; fileEncoding = 4; lastKnownFileType = text.yaml; path = .swiftlint.yml; sourceTree = "<group>"; };
		BFB035E0260D11F500D52C8B /* GoogleService-Info.plist */ = {isa = PBXFileReference; fileEncoding = 4; lastKnownFileType = text.plist.xml; path = "GoogleService-Info.plist"; sourceTree = "<group>"; };
		BFB035E7260D145900D52C8B /* FirebaseManager.swift */ = {isa = PBXFileReference; lastKnownFileType = sourcecode.swift; path = FirebaseManager.swift; sourceTree = "<group>"; };
		BFB035EC260D14C700D52C8B /* AlertService.swift */ = {isa = PBXFileReference; lastKnownFileType = sourcecode.swift; path = AlertService.swift; sourceTree = "<group>"; };
		BFB035EF260D1A0300D52C8B /* CustomTextField.swift */ = {isa = PBXFileReference; lastKnownFileType = sourcecode.swift; path = CustomTextField.swift; sourceTree = "<group>"; };
		BFB035F3260D1B2E00D52C8B /* Message.swift */ = {isa = PBXFileReference; lastKnownFileType = sourcecode.swift; path = Message.swift; sourceTree = "<group>"; };
		BFB035F7260D1B7100D52C8B /* MessageCellModel.swift */ = {isa = PBXFileReference; lastKnownFileType = sourcecode.swift; path = MessageCellModel.swift; sourceTree = "<group>"; };
		BFB035FB260D1BAB00D52C8B /* MessageViewModelFactory.swift */ = {isa = PBXFileReference; lastKnownFileType = sourcecode.swift; path = MessageViewModelFactory.swift; sourceTree = "<group>"; };
		BFB035FE260D1BF200D52C8B /* ConversationViewModelFactory.swift */ = {isa = PBXFileReference; lastKnownFileType = sourcecode.swift; path = ConversationViewModelFactory.swift; sourceTree = "<group>"; };
		BFB03601260D1C4B00D52C8B /* Channel.swift */ = {isa = PBXFileReference; lastKnownFileType = sourcecode.swift; path = Channel.swift; sourceTree = "<group>"; };
		BFB03604260D1C8E00D52C8B /* ConversationCellModel.swift */ = {isa = PBXFileReference; lastKnownFileType = sourcecode.swift; path = ConversationCellModel.swift; sourceTree = "<group>"; };
		BFB0360A260D1E2500D52C8B /* Conversation.storyboard */ = {isa = PBXFileReference; fileEncoding = 4; lastKnownFileType = file.storyboard; path = Conversation.storyboard; sourceTree = "<group>"; };
		BFB03610260D1EA800D52C8B /* SentMessageCell.swift */ = {isa = PBXFileReference; lastKnownFileType = sourcecode.swift; path = SentMessageCell.swift; sourceTree = "<group>"; };
		BFB03613260D1EDD00D52C8B /* ReceivedMessageCell.swift */ = {isa = PBXFileReference; lastKnownFileType = sourcecode.swift; path = ReceivedMessageCell.swift; sourceTree = "<group>"; };
		BFB0361D260D205600D52C8B /* ConversationCell.swift */ = {isa = PBXFileReference; lastKnownFileType = sourcecode.swift; path = ConversationCell.swift; sourceTree = "<group>"; };
		BFB03622260D239F00D52C8B /* Constants.swift */ = {isa = PBXFileReference; lastKnownFileType = sourcecode.swift; path = Constants.swift; sourceTree = "<group>"; };
		BFB03628260D250A00D52C8B /* ConversationList.storyboard */ = {isa = PBXFileReference; fileEncoding = 4; lastKnownFileType = file.storyboard; path = ConversationList.storyboard; sourceTree = "<group>"; };
		BFD99E8A25F0198200946323 /* ConversationViewController.swift */ = {isa = PBXFileReference; lastKnownFileType = sourcecode.swift; path = ConversationViewController.swift; sourceTree = "<group>"; };
		BFF8C60A2603FCA30050D03A /* AvatarView.swift */ = {isa = PBXFileReference; lastKnownFileType = sourcecode.swift; path = AvatarView.swift; sourceTree = "<group>"; };
		BFF8C60D2603FE6F0050D03A /* Profile.storyboard */ = {isa = PBXFileReference; fileEncoding = 4; lastKnownFileType = file.storyboard; path = Profile.storyboard; sourceTree = "<group>"; };
		CC2DBDB9563CCE3550A584D7 /* Pods_ChatApp.framework */ = {isa = PBXFileReference; explicitFileType = wrapper.framework; includeInIndex = 0; path = Pods_ChatApp.framework; sourceTree = BUILT_PRODUCTS_DIR; };
/* End PBXFileReference section */

/* Begin PBXFrameworksBuildPhase section */
		BF08FAC625D8830D00D33DEF /* Frameworks */ = {
			isa = PBXFrameworksBuildPhase;
			buildActionMask = 2147483647;
			files = (
				288B5BA0A70CBFDE5861F044 /* Pods_ChatApp.framework in Frameworks */,
			);
			runOnlyForDeploymentPostprocessing = 0;
		};
/* End PBXFrameworksBuildPhase section */

/* Begin PBXGroup section */
		1BA207EC892C92D321AF8B1C /* Frameworks */ = {
			isa = PBXGroup;
			children = (
				CC2DBDB9563CCE3550A584D7 /* Pods_ChatApp.framework */,
			);
			name = Frameworks;
			sourceTree = "<group>";
		};
		4870DEF50736BA3EDC36494F /* Pods */ = {
			isa = PBXGroup;
			children = (
				07B5DCB5A666BA4A9F07F95E /* Pods-ChatApp.debug.xcconfig */,
				09B0E485BB0422705BBA54EF /* Pods-ChatApp.release.xcconfig */,
			);
			path = Pods;
			sourceTree = "<group>";
		};
		BF08FAC025D8830D00D33DEF = {
			isa = PBXGroup;
			children = (
				BF08FACB25D8830D00D33DEF /* ChatApp */,
				BF08FACA25D8830D00D33DEF /* Products */,
				4870DEF50736BA3EDC36494F /* Pods */,
				1BA207EC892C92D321AF8B1C /* Frameworks */,
			);
			sourceTree = "<group>";
		};
		BF08FACA25D8830D00D33DEF /* Products */ = {
			isa = PBXGroup;
			children = (
				BF08FAC925D8830D00D33DEF /* ChatApp.app */,
			);
			name = Products;
			sourceTree = "<group>";
		};
		BF08FACB25D8830D00D33DEF /* ChatApp */ = {
			isa = PBXGroup;
			children = (
				BF08FACC25D8830D00D33DEF /* AppDelegate.swift */,
				BF08FAE225D8849800D33DEF /* Logging.swift */,
				BFD99E8525F018AD00946323 /* Profile */,
				BF7C432E25EAE65500581B04 /* ConversationsList */,
				BFD99E8D25F019A700946323 /* Conversation */,
				BF7D175725F941FF00012E0E /* Themes */,
				BFB035EA260D146200D52C8B /* Service */,
				BFB035F2260D1A1B00D52C8B /* Helpers */,
				BF08FAD525D8830E00D33DEF /* Assets.xcassets */,
				BF08FADA25D8830E00D33DEF /* Info.plist */,
				BFB035E0260D11F500D52C8B /* GoogleService-Info.plist */,
				BFB035DC260D11D700D52C8B /* .swiftlint.yml */,
				BF08FAD725D8830E00D33DEF /* LaunchScreen.storyboard */,
			);
			path = ChatApp;
			sourceTree = "<group>";
		};
		BF2DE7C32603ECAE00F8A496 /* Service */ = {
			isa = PBXGroup;
			children = (
				BF2DE7B32603E30700F8A496 /* GCDDataManager.swift */,
				BF2DE7B92603E3AC00F8A496 /* OperationDataManager.swift */,
				BF2DE7BC2603E3E800F8A496 /* SaveOperation.swift */,
				BF2DE7B62603E36B00F8A496 /* LoadOperation.swift */,
			);
			path = Service;
			sourceTree = "<group>";
		};
		BF2DE7C52603ECD400F8A496 /* Model */ = {
			isa = PBXGroup;
			children = (
				BF2DE7BF2603E65A00F8A496 /* User.swift */,
			);
			path = Model;
			sourceTree = "<group>";
		};
		BF6E706525EAF7C40067C156 /* Model */ = {
			isa = PBXGroup;
			children = (
				BFB03601260D1C4B00D52C8B /* Channel.swift */,
				BFB03604260D1C8E00D52C8B /* ConversationCellModel.swift */,
				BFB035FE260D1BF200D52C8B /* ConversationViewModelFactory.swift */,
			);
			path = Model;
			sourceTree = "<group>";
		};
		BF7C432E25EAE65500581B04 /* ConversationsList */ = {
			isa = PBXGroup;
			children = (
				BF6E706525EAF7C40067C156 /* Model */,
				BFF8205525EAFD2D0039C713 /* Controller */,
				BF7C433625EAE81400581B04 /* View */,
			);
			path = ConversationsList;
			sourceTree = "<group>";
		};
		BF7C433625EAE81400581B04 /* View */ = {
			isa = PBXGroup;
			children = (
				BFB03628260D250A00D52C8B /* ConversationList.storyboard */,
				BFB0361D260D205600D52C8B /* ConversationCell.swift */,
			);
			path = View;
			sourceTree = "<group>";
		};
		BF7D175725F941FF00012E0E /* Themes */ = {
			isa = PBXGroup;
			children = (
				BFF4DEA525F97C00004628E1 /* Model */,
				BFF4DEA625F97C0A004628E1 /* Controller */,
				BFF4DEA825F97C1D004628E1 /* View */,
			);
			path = Themes;
			sourceTree = "<group>";
		};
		BFB035EA260D146200D52C8B /* Service */ = {
			isa = PBXGroup;
			children = (
				BFB035EC260D14C700D52C8B /* AlertService.swift */,
				BFB035E7260D145900D52C8B /* FirebaseManager.swift */,
			);
			path = Service;
			sourceTree = "<group>";
		};
		BFB035F2260D1A1B00D52C8B /* Helpers */ = {
			isa = PBXGroup;
			children = (
				BFF8C60A2603FCA30050D03A /* AvatarView.swift */,
				BFB035EF260D1A0300D52C8B /* CustomTextField.swift */,
				BFB03622260D239F00D52C8B /* Constants.swift */,
			);
			path = Helpers;
			sourceTree = "<group>";
		};
		BFD99E8525F018AD00946323 /* Profile */ = {
			isa = PBXGroup;
			children = (
				BF2DE7C52603ECD400F8A496 /* Model */,
				BF2DE7C32603ECAE00F8A496 /* Service */,
				BFD99E8725F018BF00946323 /* Controller */,
				BFD99E8925F018CB00946323 /* View */,
			);
			path = Profile;
			sourceTree = "<group>";
		};
		BFD99E8725F018BF00946323 /* Controller */ = {
			isa = PBXGroup;
			children = (
				BF08FAD025D8830D00D33DEF /* ProfileViewController.swift */,
			);
			path = Controller;
			sourceTree = "<group>";
		};
		BFD99E8925F018CB00946323 /* View */ = {
			isa = PBXGroup;
			children = (
				BFF8C60D2603FE6F0050D03A /* Profile.storyboard */,
			);
			path = View;
			sourceTree = "<group>";
		};
		BFD99E8D25F019A700946323 /* Conversation */ = {
			isa = PBXGroup;
			children = (
				BFD99E9B25F023F900946323 /* Model */,
				BFD99E9D25F0240400946323 /* Controller */,
				BFD99E9E25F0241600946323 /* View */,
			);
			path = Conversation;
			sourceTree = "<group>";
		};
		BFD99E9B25F023F900946323 /* Model */ = {
			isa = PBXGroup;
			children = (
				BFB035F3260D1B2E00D52C8B /* Message.swift */,
				BFB035F7260D1B7100D52C8B /* MessageCellModel.swift */,
				BFB035FB260D1BAB00D52C8B /* MessageViewModelFactory.swift */,
			);
			path = Model;
			sourceTree = "<group>";
		};
		BFD99E9D25F0240400946323 /* Controller */ = {
			isa = PBXGroup;
			children = (
				BFD99E8A25F0198200946323 /* ConversationViewController.swift */,
			);
			path = Controller;
			sourceTree = "<group>";
		};
		BFD99E9E25F0241600946323 /* View */ = {
			isa = PBXGroup;
			children = (
				BFB0360A260D1E2500D52C8B /* Conversation.storyboard */,
				BFB03610260D1EA800D52C8B /* SentMessageCell.swift */,
				BFB03613260D1EDD00D52C8B /* ReceivedMessageCell.swift */,
			);
			path = View;
			sourceTree = "<group>";
		};
		BFF4DEA525F97C00004628E1 /* Model */ = {
			isa = PBXGroup;
			children = (
				BF7D175F25F942EA00012E0E /* ColorsModel.swift */,
				BF7D175C25F9429B00012E0E /* ThemesManager.swift */,
			);
			path = Model;
			sourceTree = "<group>";
		};
		BFF4DEA625F97C0A004628E1 /* Controller */ = {
			isa = PBXGroup;
			children = (
				BF7D175425F941E100012E0E /* ThemesViewController.swift */,
			);
			path = Controller;
			sourceTree = "<group>";
		};
		BFF4DEA825F97C1D004628E1 /* View */ = {
			isa = PBXGroup;
			children = (
				BF7D175925F9424800012E0E /* Themes.storyboard */,
			);
			path = View;
			sourceTree = "<group>";
		};
		BFF8205525EAFD2D0039C713 /* Controller */ = {
			isa = PBXGroup;
			children = (
				BF7C432825EAE61600581B04 /* ConversationListViewController.swift */,
			);
			path = Controller;
			sourceTree = "<group>";
		};
/* End PBXGroup section */

/* Begin PBXNativeTarget section */
		BF08FAC825D8830D00D33DEF /* ChatApp */ = {
			isa = PBXNativeTarget;
			buildConfigurationList = BF08FADD25D8830E00D33DEF /* Build configuration list for PBXNativeTarget "ChatApp" */;
			buildPhases = (
				7E4B423A8C93C4051DCA122D /* [CP] Check Pods Manifest.lock */,
				BF08FAC525D8830D00D33DEF /* Sources */,
				BF08FAC625D8830D00D33DEF /* Frameworks */,
				BF08FAC725D8830D00D33DEF /* Resources */,
				3FEE408D224C0C33A0A7886A /* [CP] Embed Pods Frameworks */,
			);
			buildRules = (
			);
			dependencies = (
			);
			name = ChatApp;
			productName = ChatApp;
			productReference = BF08FAC925D8830D00D33DEF /* ChatApp.app */;
			productType = "com.apple.product-type.application";
		};
/* End PBXNativeTarget section */

/* Begin PBXProject section */
		BF08FAC125D8830D00D33DEF /* Project object */ = {
			isa = PBXProject;
			attributes = {
				LastSwiftUpdateCheck = 1240;
				LastUpgradeCheck = 1240;
				ORGANIZATIONNAME = "Ilnur Mugaev";
				TargetAttributes = {
					BF08FAC825D8830D00D33DEF = {
						CreatedOnToolsVersion = 12.4;
					};
				};
			};
			buildConfigurationList = BF08FAC425D8830D00D33DEF /* Build configuration list for PBXProject "ChatApp" */;
			compatibilityVersion = "Xcode 9.3";
			developmentRegion = en;
			hasScannedForEncodings = 0;
			knownRegions = (
				en,
				Base,
			);
			mainGroup = BF08FAC025D8830D00D33DEF;
			productRefGroup = BF08FACA25D8830D00D33DEF /* Products */;
			projectDirPath = "";
			projectRoot = "";
			targets = (
				BF08FAC825D8830D00D33DEF /* ChatApp */,
			);
		};
/* End PBXProject section */

/* Begin PBXResourcesBuildPhase section */
		BF08FAC725D8830D00D33DEF /* Resources */ = {
			isa = PBXResourcesBuildPhase;
			buildActionMask = 2147483647;
			files = (
				BFB035DD260D11D700D52C8B /* .swiftlint.yml in Resources */,
				BFB03629260D250A00D52C8B /* ConversationList.storyboard in Resources */,
				BF08FAD925D8830E00D33DEF /* LaunchScreen.storyboard in Resources */,
				BFB0360B260D1E2500D52C8B /* Conversation.storyboard in Resources */,
				BF08FAD625D8830E00D33DEF /* Assets.xcassets in Resources */,
				BFB035E2260D11F500D52C8B /* GoogleService-Info.plist in Resources */,
				BFF8C60E2603FE6F0050D03A /* Profile.storyboard in Resources */,
				BF7D175A25F9424800012E0E /* Themes.storyboard in Resources */,
			);
			runOnlyForDeploymentPostprocessing = 0;
		};
/* End PBXResourcesBuildPhase section */

/* Begin PBXShellScriptBuildPhase section */
		3FEE408D224C0C33A0A7886A /* [CP] Embed Pods Frameworks */ = {
			isa = PBXShellScriptBuildPhase;
			buildActionMask = 2147483647;
			files = (
			);
			inputFileListPaths = (
				"${PODS_ROOT}/Target Support Files/Pods-ChatApp/Pods-ChatApp-frameworks-${CONFIGURATION}-input-files.xcfilelist",
			);
			name = "[CP] Embed Pods Frameworks";
			outputFileListPaths = (
				"${PODS_ROOT}/Target Support Files/Pods-ChatApp/Pods-ChatApp-frameworks-${CONFIGURATION}-output-files.xcfilelist",
			);
			runOnlyForDeploymentPostprocessing = 0;
			shellPath = /bin/sh;
			shellScript = "\"${PODS_ROOT}/Target Support Files/Pods-ChatApp/Pods-ChatApp-frameworks.sh\"\n";
			showEnvVarsInLog = 0;
		};
		7E4B423A8C93C4051DCA122D /* [CP] Check Pods Manifest.lock */ = {
			isa = PBXShellScriptBuildPhase;
			buildActionMask = 2147483647;
			files = (
			);
			inputFileListPaths = (
			);
			inputPaths = (
				"${PODS_PODFILE_DIR_PATH}/Podfile.lock",
				"${PODS_ROOT}/Manifest.lock",
			);
			name = "[CP] Check Pods Manifest.lock";
			outputFileListPaths = (
			);
			outputPaths = (
				"$(DERIVED_FILE_DIR)/Pods-ChatApp-checkManifestLockResult.txt",
			);
			runOnlyForDeploymentPostprocessing = 0;
			shellPath = /bin/sh;
			shellScript = "diff \"${PODS_PODFILE_DIR_PATH}/Podfile.lock\" \"${PODS_ROOT}/Manifest.lock\" > /dev/null\nif [ $? != 0 ] ; then\n    # print error to STDERR\n    echo \"error: The sandbox is not in sync with the Podfile.lock. Run 'pod install' or update your CocoaPods installation.\" >&2\n    exit 1\nfi\n# This output is used by Xcode 'outputs' to avoid re-running this script phase.\necho \"SUCCESS\" > \"${SCRIPT_OUTPUT_FILE_0}\"\n";
			showEnvVarsInLog = 0;
		};
/* End PBXShellScriptBuildPhase section */

/* Begin PBXSourcesBuildPhase section */
		BF08FAC525D8830D00D33DEF /* Sources */ = {
			isa = PBXSourcesBuildPhase;
			buildActionMask = 2147483647;
			files = (
				BFB035F0260D1A0300D52C8B /* CustomTextField.swift in Sources */,
				BFB03605260D1C8E00D52C8B /* ConversationCellModel.swift in Sources */,
				BF08FAD125D8830D00D33DEF /* ProfileViewController.swift in Sources */,
				BFB0361E260D205600D52C8B /* ConversationCell.swift in Sources */,
				BF2DE7B42603E30700F8A496 /* GCDDataManager.swift in Sources */,
				BF2DE7B72603E36B00F8A496 /* LoadOperation.swift in Sources */,
				BFD99E8B25F0198200946323 /* ConversationViewController.swift in Sources */,
				BFB03614260D1EDD00D52C8B /* ReceivedMessageCell.swift in Sources */,
				BF7D176025F942EA00012E0E /* ColorsModel.swift in Sources */,
				BF2DE7BD2603E3E800F8A496 /* SaveOperation.swift in Sources */,
				BFB03623260D239F00D52C8B /* Constants.swift in Sources */,
				BFB035E8260D145900D52C8B /* FirebaseManager.swift in Sources */,
				BFB035FF260D1BF200D52C8B /* ConversationViewModelFactory.swift in Sources */,
				BF7C432925EAE61600581B04 /* ConversationListViewController.swift in Sources */,
				BF7D175D25F9429B00012E0E /* ThemesManager.swift in Sources */,
				BF2DE7BA2603E3AC00F8A496 /* OperationDataManager.swift in Sources */,
				BF08FACD25D8830D00D33DEF /* AppDelegate.swift in Sources */,
				BFB035ED260D14C700D52C8B /* AlertService.swift in Sources */,
				BFB03602260D1C4B00D52C8B /* Channel.swift in Sources */,
				BFB035FC260D1BAB00D52C8B /* MessageViewModelFactory.swift in Sources */,
				BFB035F4260D1B2E00D52C8B /* Message.swift in Sources */,
				BF08FAE325D8849800D33DEF /* Logging.swift in Sources */,
				BFF8C60B2603FCA30050D03A /* AvatarView.swift in Sources */,
				BF7D175525F941E100012E0E /* ThemesViewController.swift in Sources */,
				BF2DE7C02603E65A00F8A496 /* User.swift in Sources */,
				BFB035F8260D1B7100D52C8B /* MessageCellModel.swift in Sources */,
				BFB03611260D1EA800D52C8B /* SentMessageCell.swift in Sources */,
			);
			runOnlyForDeploymentPostprocessing = 0;
		};
/* End PBXSourcesBuildPhase section */

/* Begin PBXVariantGroup section */
		BF08FAD725D8830E00D33DEF /* LaunchScreen.storyboard */ = {
			isa = PBXVariantGroup;
			children = (
				BF08FAD825D8830E00D33DEF /* Base */,
			);
			name = LaunchScreen.storyboard;
			sourceTree = "<group>";
		};
/* End PBXVariantGroup section */

/* Begin XCBuildConfiguration section */
		BF08FADB25D8830E00D33DEF /* Debug */ = {
			isa = XCBuildConfiguration;
			buildSettings = {
				ALWAYS_SEARCH_USER_PATHS = NO;
				CLANG_ANALYZER_NONNULL = YES;
				CLANG_ANALYZER_NUMBER_OBJECT_CONVERSION = YES_AGGRESSIVE;
				CLANG_CXX_LANGUAGE_STANDARD = "gnu++14";
				CLANG_CXX_LIBRARY = "libc++";
				CLANG_ENABLE_MODULES = YES;
				CLANG_ENABLE_OBJC_ARC = YES;
				CLANG_ENABLE_OBJC_WEAK = YES;
				CLANG_WARN_BLOCK_CAPTURE_AUTORELEASING = YES;
				CLANG_WARN_BOOL_CONVERSION = YES;
				CLANG_WARN_COMMA = YES;
				CLANG_WARN_CONSTANT_CONVERSION = YES;
				CLANG_WARN_DEPRECATED_OBJC_IMPLEMENTATIONS = YES;
				CLANG_WARN_DIRECT_OBJC_ISA_USAGE = YES_ERROR;
				CLANG_WARN_DOCUMENTATION_COMMENTS = YES;
				CLANG_WARN_EMPTY_BODY = YES;
				CLANG_WARN_ENUM_CONVERSION = YES;
				CLANG_WARN_INFINITE_RECURSION = YES;
				CLANG_WARN_INT_CONVERSION = YES;
				CLANG_WARN_NON_LITERAL_NULL_CONVERSION = YES;
				CLANG_WARN_OBJC_IMPLICIT_RETAIN_SELF = YES;
				CLANG_WARN_OBJC_LITERAL_CONVERSION = YES;
				CLANG_WARN_OBJC_ROOT_CLASS = YES_ERROR;
				CLANG_WARN_QUOTED_INCLUDE_IN_FRAMEWORK_HEADER = YES;
				CLANG_WARN_RANGE_LOOP_ANALYSIS = YES;
				CLANG_WARN_STRICT_PROTOTYPES = YES;
				CLANG_WARN_SUSPICIOUS_MOVE = YES;
				CLANG_WARN_UNGUARDED_AVAILABILITY = YES_AGGRESSIVE;
				CLANG_WARN_UNREACHABLE_CODE = YES;
				CLANG_WARN__DUPLICATE_METHOD_MATCH = YES;
				COPY_PHASE_STRIP = NO;
				DEBUG_INFORMATION_FORMAT = dwarf;
				ENABLE_STRICT_OBJC_MSGSEND = YES;
				ENABLE_TESTABILITY = YES;
				GCC_C_LANGUAGE_STANDARD = gnu11;
				GCC_DYNAMIC_NO_PIC = NO;
				GCC_NO_COMMON_BLOCKS = YES;
				GCC_OPTIMIZATION_LEVEL = 0;
				GCC_PREPROCESSOR_DEFINITIONS = (
					"DEBUG=1",
					"$(inherited)",
				);
				GCC_WARN_64_TO_32_BIT_CONVERSION = YES;
				GCC_WARN_ABOUT_RETURN_TYPE = YES_ERROR;
				GCC_WARN_UNDECLARED_SELECTOR = YES;
				GCC_WARN_UNINITIALIZED_AUTOS = YES_AGGRESSIVE;
				GCC_WARN_UNUSED_FUNCTION = YES;
				GCC_WARN_UNUSED_VARIABLE = YES;
				IPHONEOS_DEPLOYMENT_TARGET = 12.0;
				MTL_ENABLE_DEBUG_INFO = INCLUDE_SOURCE;
				MTL_FAST_MATH = YES;
				ONLY_ACTIVE_ARCH = YES;
				SDKROOT = iphoneos;
				SWIFT_ACTIVE_COMPILATION_CONDITIONS = DEBUG;
				SWIFT_OPTIMIZATION_LEVEL = "-Onone";
			};
			name = Debug;
		};
		BF08FADC25D8830E00D33DEF /* Release */ = {
			isa = XCBuildConfiguration;
			buildSettings = {
				ALWAYS_SEARCH_USER_PATHS = NO;
				CLANG_ANALYZER_NONNULL = YES;
				CLANG_ANALYZER_NUMBER_OBJECT_CONVERSION = YES_AGGRESSIVE;
				CLANG_CXX_LANGUAGE_STANDARD = "gnu++14";
				CLANG_CXX_LIBRARY = "libc++";
				CLANG_ENABLE_MODULES = YES;
				CLANG_ENABLE_OBJC_ARC = YES;
				CLANG_ENABLE_OBJC_WEAK = YES;
				CLANG_WARN_BLOCK_CAPTURE_AUTORELEASING = YES;
				CLANG_WARN_BOOL_CONVERSION = YES;
				CLANG_WARN_COMMA = YES;
				CLANG_WARN_CONSTANT_CONVERSION = YES;
				CLANG_WARN_DEPRECATED_OBJC_IMPLEMENTATIONS = YES;
				CLANG_WARN_DIRECT_OBJC_ISA_USAGE = YES_ERROR;
				CLANG_WARN_DOCUMENTATION_COMMENTS = YES;
				CLANG_WARN_EMPTY_BODY = YES;
				CLANG_WARN_ENUM_CONVERSION = YES;
				CLANG_WARN_INFINITE_RECURSION = YES;
				CLANG_WARN_INT_CONVERSION = YES;
				CLANG_WARN_NON_LITERAL_NULL_CONVERSION = YES;
				CLANG_WARN_OBJC_IMPLICIT_RETAIN_SELF = YES;
				CLANG_WARN_OBJC_LITERAL_CONVERSION = YES;
				CLANG_WARN_OBJC_ROOT_CLASS = YES_ERROR;
				CLANG_WARN_QUOTED_INCLUDE_IN_FRAMEWORK_HEADER = YES;
				CLANG_WARN_RANGE_LOOP_ANALYSIS = YES;
				CLANG_WARN_STRICT_PROTOTYPES = YES;
				CLANG_WARN_SUSPICIOUS_MOVE = YES;
				CLANG_WARN_UNGUARDED_AVAILABILITY = YES_AGGRESSIVE;
				CLANG_WARN_UNREACHABLE_CODE = YES;
				CLANG_WARN__DUPLICATE_METHOD_MATCH = YES;
				COPY_PHASE_STRIP = NO;
				DEBUG_INFORMATION_FORMAT = "dwarf-with-dsym";
				ENABLE_NS_ASSERTIONS = NO;
				ENABLE_STRICT_OBJC_MSGSEND = YES;
				GCC_C_LANGUAGE_STANDARD = gnu11;
				GCC_NO_COMMON_BLOCKS = YES;
				GCC_WARN_64_TO_32_BIT_CONVERSION = YES;
				GCC_WARN_ABOUT_RETURN_TYPE = YES_ERROR;
				GCC_WARN_UNDECLARED_SELECTOR = YES;
				GCC_WARN_UNINITIALIZED_AUTOS = YES_AGGRESSIVE;
				GCC_WARN_UNUSED_FUNCTION = YES;
				GCC_WARN_UNUSED_VARIABLE = YES;
				IPHONEOS_DEPLOYMENT_TARGET = 12.0;
				MTL_ENABLE_DEBUG_INFO = NO;
				MTL_FAST_MATH = YES;
				SDKROOT = iphoneos;
				SWIFT_COMPILATION_MODE = wholemodule;
				SWIFT_OPTIMIZATION_LEVEL = "-O";
				VALIDATE_PRODUCT = YES;
			};
			name = Release;
		};
		BF08FADE25D8830E00D33DEF /* Debug */ = {
			isa = XCBuildConfiguration;
			baseConfigurationReference = 07B5DCB5A666BA4A9F07F95E /* Pods-ChatApp.debug.xcconfig */;
			buildSettings = {
				ASSETCATALOG_COMPILER_APPICON_NAME = AppIcon;
				ASSETCATALOG_COMPILER_GLOBAL_ACCENT_COLOR_NAME = AccentColor;
				CODE_SIGN_STYLE = Automatic;
				DEVELOPMENT_TEAM = 45HC849D5Z;
				INFOPLIST_FILE = ChatApp/Info.plist;
				LD_RUNPATH_SEARCH_PATHS = (
					"$(inherited)",
					"@executable_path/Frameworks",
				);
				PRODUCT_BUNDLE_IDENTIFIER = "Ilnur-Mugaev.ChatApp";
				PRODUCT_NAME = "$(TARGET_NAME)";
				SWIFT_VERSION = 5.0;
				TARGETED_DEVICE_FAMILY = "1,2";
			};
			name = Debug;
		};
		BF08FADF25D8830E00D33DEF /* Release */ = {
			isa = XCBuildConfiguration;
			baseConfigurationReference = 09B0E485BB0422705BBA54EF /* Pods-ChatApp.release.xcconfig */;
			buildSettings = {
				ASSETCATALOG_COMPILER_APPICON_NAME = AppIcon;
				ASSETCATALOG_COMPILER_GLOBAL_ACCENT_COLOR_NAME = AccentColor;
				CODE_SIGN_STYLE = Automatic;
				DEVELOPMENT_TEAM = 45HC849D5Z;
				INFOPLIST_FILE = ChatApp/Info.plist;
				LD_RUNPATH_SEARCH_PATHS = (
					"$(inherited)",
					"@executable_path/Frameworks",
				);
				PRODUCT_BUNDLE_IDENTIFIER = "Ilnur-Mugaev.ChatApp";
				PRODUCT_NAME = "$(TARGET_NAME)";
				SWIFT_VERSION = 5.0;
				TARGETED_DEVICE_FAMILY = "1,2";
			};
			name = Release;
		};
/* End XCBuildConfiguration section */

/* Begin XCConfigurationList section */
		BF08FAC425D8830D00D33DEF /* Build configuration list for PBXProject "ChatApp" */ = {
			isa = XCConfigurationList;
			buildConfigurations = (
				BF08FADB25D8830E00D33DEF /* Debug */,
				BF08FADC25D8830E00D33DEF /* Release */,
			);
			defaultConfigurationIsVisible = 0;
			defaultConfigurationName = Release;
		};
		BF08FADD25D8830E00D33DEF /* Build configuration list for PBXNativeTarget "ChatApp" */ = {
			isa = XCConfigurationList;
			buildConfigurations = (
				BF08FADE25D8830E00D33DEF /* Debug */,
				BF08FADF25D8830E00D33DEF /* Release */,
			);
			defaultConfigurationIsVisible = 0;
			defaultConfigurationName = Release;
		};
/* End XCConfigurationList section */
	};
	rootObject = BF08FAC125D8830D00D33DEF /* Project object */;
}
