// !$*UTF8*$!
{
	archiveVersion = 1;
	classes = {
	};
	objectVersion = 50;
	objects = {

/* Begin PBXBuildFile section */
		BF08FACD25D8830D00D33DEF /* AppDelegate.swift in Sources */ = {isa = PBXBuildFile; fileRef = BF08FACC25D8830D00D33DEF /* AppDelegate.swift */; };
		BF08FAD125D8830D00D33DEF /* ProfileViewController.swift in Sources */ = {isa = PBXBuildFile; fileRef = BF08FAD025D8830D00D33DEF /* ProfileViewController.swift */; };
		BF08FAD425D8830D00D33DEF /* ProfileView.storyboard in Resources */ = {isa = PBXBuildFile; fileRef = BF08FAD225D8830D00D33DEF /* ProfileView.storyboard */; };
		BF08FAD625D8830E00D33DEF /* Assets.xcassets in Resources */ = {isa = PBXBuildFile; fileRef = BF08FAD525D8830E00D33DEF /* Assets.xcassets */; };
		BF08FAD925D8830E00D33DEF /* LaunchScreen.storyboard in Resources */ = {isa = PBXBuildFile; fileRef = BF08FAD725D8830E00D33DEF /* LaunchScreen.storyboard */; };
		BF08FAE325D8849800D33DEF /* Logging.swift in Sources */ = {isa = PBXBuildFile; fileRef = BF08FAE225D8849800D33DEF /* Logging.swift */; };
		BF686AF225EB8C9700E0500C /* ConversationsListCellDataManager.swift in Sources */ = {isa = PBXBuildFile; fileRef = BF686AF125EB8C9700E0500C /* ConversationsListCellDataManager.swift */; };
		BF6E706325EAF79C0067C156 /* ConversationsListModel.swift in Sources */ = {isa = PBXBuildFile; fileRef = BF6E706225EAF79C0067C156 /* ConversationsListModel.swift */; };
		BF7C432925EAE61600581B04 /* ConversationsListViewController.swift in Sources */ = {isa = PBXBuildFile; fileRef = BF7C432825EAE61600581B04 /* ConversationsListViewController.swift */; };
		BF7C432C25EAE64500581B04 /* ConversationsList.storyboard in Resources */ = {isa = PBXBuildFile; fileRef = BF7C432B25EAE64500581B04 /* ConversationsList.storyboard */; };
		BF7C433325EAE80100581B04 /* ConversationsListCell.swift in Sources */ = {isa = PBXBuildFile; fileRef = BF7C433125EAE80100581B04 /* ConversationsListCell.swift */; };
		BF7C433425EAE80100581B04 /* ConversationsListCell.xib in Resources */ = {isa = PBXBuildFile; fileRef = BF7C433225EAE80100581B04 /* ConversationsListCell.xib */; };
		BFB4BD8A25F0C9E9003166C6 /* ConversationViewCellDataManager.swift in Sources */ = {isa = PBXBuildFile; fileRef = BFB4BD8925F0C9E9003166C6 /* ConversationViewCellDataManager.swift */; };
		BFD99E8B25F0198200946323 /* ConversationViewController.swift in Sources */ = {isa = PBXBuildFile; fileRef = BFD99E8A25F0198200946323 /* ConversationViewController.swift */; };
		BFD99E9025F01B6D00946323 /* ConversationViewCell.swift in Sources */ = {isa = PBXBuildFile; fileRef = BFD99E8E25F01B6D00946323 /* ConversationViewCell.swift */; };
		BFD99E9125F01B6D00946323 /* ConversationViewCell.xib in Resources */ = {isa = PBXBuildFile; fileRef = BFD99E8F25F01B6D00946323 /* ConversationViewCell.xib */; };
		BFD99E9525F01E7600946323 /* ConversationViewCellModel.swift in Sources */ = {isa = PBXBuildFile; fileRef = BFD99E9425F01E7600946323 /* ConversationViewCellModel.swift */; };
		BFD99E9925F0231400946323 /* ConversationView.storyboard in Resources */ = {isa = PBXBuildFile; fileRef = BFD99E9825F0231400946323 /* ConversationView.storyboard */; };
/* End PBXBuildFile section */

/* Begin PBXFileReference section */
		BF08FAC925D8830D00D33DEF /* ChatApp.app */ = {isa = PBXFileReference; explicitFileType = wrapper.application; includeInIndex = 0; path = ChatApp.app; sourceTree = BUILT_PRODUCTS_DIR; };
		BF08FACC25D8830D00D33DEF /* AppDelegate.swift */ = {isa = PBXFileReference; lastKnownFileType = sourcecode.swift; path = AppDelegate.swift; sourceTree = "<group>"; };
		BF08FAD025D8830D00D33DEF /* ProfileViewController.swift */ = {isa = PBXFileReference; lastKnownFileType = sourcecode.swift; path = ProfileViewController.swift; sourceTree = "<group>"; };
		BF08FAD325D8830D00D33DEF /* Base */ = {isa = PBXFileReference; lastKnownFileType = file.storyboard; name = Base; path = Base.lproj/ProfileView.storyboard; sourceTree = "<group>"; };
		BF08FAD525D8830E00D33DEF /* Assets.xcassets */ = {isa = PBXFileReference; lastKnownFileType = folder.assetcatalog; path = Assets.xcassets; sourceTree = "<group>"; };
		BF08FAD825D8830E00D33DEF /* Base */ = {isa = PBXFileReference; lastKnownFileType = file.storyboard; name = Base; path = Base.lproj/LaunchScreen.storyboard; sourceTree = "<group>"; };
		BF08FADA25D8830E00D33DEF /* Info.plist */ = {isa = PBXFileReference; lastKnownFileType = text.plist.xml; path = Info.plist; sourceTree = "<group>"; };
		BF08FAE225D8849800D33DEF /* Logging.swift */ = {isa = PBXFileReference; lastKnownFileType = sourcecode.swift; path = Logging.swift; sourceTree = "<group>"; };
		BF686AF125EB8C9700E0500C /* ConversationsListCellDataManager.swift */ = {isa = PBXFileReference; lastKnownFileType = sourcecode.swift; path = ConversationsListCellDataManager.swift; sourceTree = "<group>"; };
		BF6E706225EAF79C0067C156 /* ConversationsListModel.swift */ = {isa = PBXFileReference; lastKnownFileType = sourcecode.swift; path = ConversationsListModel.swift; sourceTree = "<group>"; };
		BF7C432825EAE61600581B04 /* ConversationsListViewController.swift */ = {isa = PBXFileReference; lastKnownFileType = sourcecode.swift; path = ConversationsListViewController.swift; sourceTree = "<group>"; };
		BF7C432B25EAE64500581B04 /* ConversationsList.storyboard */ = {isa = PBXFileReference; lastKnownFileType = file.storyboard; path = ConversationsList.storyboard; sourceTree = "<group>"; };
		BF7C433125EAE80100581B04 /* ConversationsListCell.swift */ = {isa = PBXFileReference; lastKnownFileType = sourcecode.swift; path = ConversationsListCell.swift; sourceTree = "<group>"; };
		BF7C433225EAE80100581B04 /* ConversationsListCell.xib */ = {isa = PBXFileReference; lastKnownFileType = file.xib; path = ConversationsListCell.xib; sourceTree = "<group>"; };
		BFB4BD8925F0C9E9003166C6 /* ConversationViewCellDataManager.swift */ = {isa = PBXFileReference; lastKnownFileType = sourcecode.swift; path = ConversationViewCellDataManager.swift; sourceTree = "<group>"; };
		BFD99E8A25F0198200946323 /* ConversationViewController.swift */ = {isa = PBXFileReference; lastKnownFileType = sourcecode.swift; path = ConversationViewController.swift; sourceTree = "<group>"; };
		BFD99E8E25F01B6D00946323 /* ConversationViewCell.swift */ = {isa = PBXFileReference; lastKnownFileType = sourcecode.swift; path = ConversationViewCell.swift; sourceTree = "<group>"; };
		BFD99E8F25F01B6D00946323 /* ConversationViewCell.xib */ = {isa = PBXFileReference; lastKnownFileType = file.xib; path = ConversationViewCell.xib; sourceTree = "<group>"; };
		BFD99E9425F01E7600946323 /* ConversationViewCellModel.swift */ = {isa = PBXFileReference; lastKnownFileType = sourcecode.swift; path = ConversationViewCellModel.swift; sourceTree = "<group>"; };
		BFD99E9825F0231400946323 /* ConversationView.storyboard */ = {isa = PBXFileReference; lastKnownFileType = file.storyboard; path = ConversationView.storyboard; sourceTree = "<group>"; };
/* End PBXFileReference section */

/* Begin PBXFrameworksBuildPhase section */
		BF08FAC625D8830D00D33DEF /* Frameworks */ = {
			isa = PBXFrameworksBuildPhase;
			buildActionMask = 2147483647;
			files = (
			);
			runOnlyForDeploymentPostprocessing = 0;
		};
/* End PBXFrameworksBuildPhase section */

/* Begin PBXGroup section */
		BF08FAC025D8830D00D33DEF = {
			isa = PBXGroup;
			children = (
				BF08FACB25D8830D00D33DEF /* ChatApp */,
				BF08FACA25D8830D00D33DEF /* Products */,
			);
			sourceTree = "<group>";
		};
		BF08FACA25D8830D00D33DEF /* Products */ = {
			isa = PBXGroup;
			children = (
				BF08FAC925D8830D00D33DEF /* ChatApp.app */,
			);
			name = Products;
			sourceTree = "<group>";
		};
		BF08FACB25D8830D00D33DEF /* ChatApp */ = {
			isa = PBXGroup;
			children = (
				BF08FACC25D8830D00D33DEF /* AppDelegate.swift */,
				BF08FAE225D8849800D33DEF /* Logging.swift */,
				BFD99E8525F018AD00946323 /* Profile */,
				BF7C432E25EAE65500581B04 /* ConversationsList */,
				BFD99E8D25F019A700946323 /* Conversation */,
				BF08FAD525D8830E00D33DEF /* Assets.xcassets */,
				BF08FAD725D8830E00D33DEF /* LaunchScreen.storyboard */,
				BF08FADA25D8830E00D33DEF /* Info.plist */,
			);
			path = ChatApp;
			sourceTree = "<group>";
		};
		BF6E706525EAF7C40067C156 /* Model */ = {
			isa = PBXGroup;
			children = (
				BF6E706225EAF79C0067C156 /* ConversationsListModel.swift */,
				BF686AF125EB8C9700E0500C /* ConversationsListCellDataManager.swift */,
			);
			path = Model;
			sourceTree = "<group>";
		};
		BF7C432E25EAE65500581B04 /* ConversationsList */ = {
			isa = PBXGroup;
			children = (
				BF6E706525EAF7C40067C156 /* Model */,
				BFF8205525EAFD2D0039C713 /* Controller */,
				BF7C433625EAE81400581B04 /* View */,
			);
			path = ConversationsList;
			sourceTree = "<group>";
		};
		BF7C433625EAE81400581B04 /* View */ = {
			isa = PBXGroup;
			children = (
				BF7C432B25EAE64500581B04 /* ConversationsList.storyboard */,
				BF7C433125EAE80100581B04 /* ConversationsListCell.swift */,
				BF7C433225EAE80100581B04 /* ConversationsListCell.xib */,
			);
			path = View;
			sourceTree = "<group>";
		};
		BFD99E8525F018AD00946323 /* Profile */ = {
			isa = PBXGroup;
			children = (
				BFD99E8725F018BF00946323 /* Controller */,
				BFD99E8925F018CB00946323 /* View */,
			);
			path = Profile;
			sourceTree = "<group>";
		};
		BFD99E8725F018BF00946323 /* Controller */ = {
			isa = PBXGroup;
			children = (
				BF08FAD025D8830D00D33DEF /* ProfileViewController.swift */,
			);
			path = Controller;
			sourceTree = "<group>";
		};
		BFD99E8925F018CB00946323 /* View */ = {
			isa = PBXGroup;
			children = (
				BF08FAD225D8830D00D33DEF /* ProfileView.storyboard */,
			);
			path = View;
			sourceTree = "<group>";
		};
		BFD99E8D25F019A700946323 /* Conversation */ = {
			isa = PBXGroup;
			children = (
				BFD99E9B25F023F900946323 /* Model */,
				BFD99E9D25F0240400946323 /* Controller */,
				BFD99E9E25F0241600946323 /* View */,
			);
			path = Conversation;
			sourceTree = "<group>";
		};
		BFD99E9B25F023F900946323 /* Model */ = {
			isa = PBXGroup;
			children = (
				BFD99E9425F01E7600946323 /* ConversationViewCellModel.swift */,
				BFB4BD8925F0C9E9003166C6 /* ConversationViewCellDataManager.swift */,
			);
			path = Model;
			sourceTree = "<group>";
		};
		BFD99E9D25F0240400946323 /* Controller */ = {
			isa = PBXGroup;
			children = (
				BFD99E8A25F0198200946323 /* ConversationViewController.swift */,
			);
			path = Controller;
			sourceTree = "<group>";
		};
		BFD99E9E25F0241600946323 /* View */ = {
			isa = PBXGroup;
			children = (
				BFD99E9825F0231400946323 /* ConversationView.storyboard */,
				BFD99E8E25F01B6D00946323 /* ConversationViewCell.swift */,
				BFD99E8F25F01B6D00946323 /* ConversationViewCell.xib */,
			);
			path = View;
			sourceTree = "<group>";
		};
		BFF8205525EAFD2D0039C713 /* Controller */ = {
			isa = PBXGroup;
			children = (
				BF7C432825EAE61600581B04 /* ConversationsListViewController.swift */,
			);
			path = Controller;
			sourceTree = "<group>";
		};
/* End PBXGroup section */

/* Begin PBXNativeTarget section */
		BF08FAC825D8830D00D33DEF /* ChatApp */ = {
			isa = PBXNativeTarget;
			buildConfigurationList = BF08FADD25D8830E00D33DEF /* Build configuration list for PBXNativeTarget "ChatApp" */;
			buildPhases = (
				BF08FAC525D8830D00D33DEF /* Sources */,
				BF08FAC625D8830D00D33DEF /* Frameworks */,
				BF08FAC725D8830D00D33DEF /* Resources */,
			);
			buildRules = (
			);
			dependencies = (
			);
			name = ChatApp;
			productName = ChatApp;
			productReference = BF08FAC925D8830D00D33DEF /* ChatApp.app */;
			productType = "com.apple.product-type.application";
		};
/* End PBXNativeTarget section */

/* Begin PBXProject section */
		BF08FAC125D8830D00D33DEF /* Project object */ = {
			isa = PBXProject;
			attributes = {
				LastSwiftUpdateCheck = 1240;
				LastUpgradeCheck = 1240;
				ORGANIZATIONNAME = "Ilnur Mugaev";
				TargetAttributes = {
					BF08FAC825D8830D00D33DEF = {
						CreatedOnToolsVersion = 12.4;
					};
				};
			};
			buildConfigurationList = BF08FAC425D8830D00D33DEF /* Build configuration list for PBXProject "ChatApp" */;
			compatibilityVersion = "Xcode 9.3";
			developmentRegion = en;
			hasScannedForEncodings = 0;
			knownRegions = (
				en,
				Base,
			);
			mainGroup = BF08FAC025D8830D00D33DEF;
			productRefGroup = BF08FACA25D8830D00D33DEF /* Products */;
			projectDirPath = "";
			projectRoot = "";
			targets = (
				BF08FAC825D8830D00D33DEF /* ChatApp */,
			);
		};
/* End PBXProject section */

/* Begin PBXResourcesBuildPhase section */
		BF08FAC725D8830D00D33DEF /* Resources */ = {
			isa = PBXResourcesBuildPhase;
			buildActionMask = 2147483647;
			files = (
				BF08FAD925D8830E00D33DEF /* LaunchScreen.storyboard in Resources */,
				BF7C432C25EAE64500581B04 /* ConversationsList.storyboard in Resources */,
				BFD99E9925F0231400946323 /* ConversationView.storyboard in Resources */,
				BF7C433425EAE80100581B04 /* ConversationsListCell.xib in Resources */,
				BFD99E9125F01B6D00946323 /* ConversationViewCell.xib in Resources */,
				BF08FAD625D8830E00D33DEF /* Assets.xcassets in Resources */,
				BF08FAD425D8830D00D33DEF /* ProfileView.storyboard in Resources */,
			);
			runOnlyForDeploymentPostprocessing = 0;
		};
/* End PBXResourcesBuildPhase section */

/* Begin PBXSourcesBuildPhase section */
		BF08FAC525D8830D00D33DEF /* Sources */ = {
			isa = PBXSourcesBuildPhase;
			buildActionMask = 2147483647;
			files = (
				BF7C433325EAE80100581B04 /* ConversationsListCell.swift in Sources */,
				BF08FAD125D8830D00D33DEF /* ProfileViewController.swift in Sources */,
				BFD99E8B25F0198200946323 /* ConversationViewController.swift in Sources */,
				BFD99E9025F01B6D00946323 /* ConversationViewCell.swift in Sources */,
				BF6E706325EAF79C0067C156 /* ConversationsListModel.swift in Sources */,
				BF7C432925EAE61600581B04 /* ConversationsListViewController.swift in Sources */,
				BFB4BD8A25F0C9E9003166C6 /* ConversationViewCellDataManager.swift in Sources */,
				BF686AF225EB8C9700E0500C /* ConversationsListCellDataManager.swift in Sources */,
				BF08FACD25D8830D00D33DEF /* AppDelegate.swift in Sources */,
				BF08FAE325D8849800D33DEF /* Logging.swift in Sources */,
				BFD99E9525F01E7600946323 /* ConversationViewCellModel.swift in Sources */,
			);
			runOnlyForDeploymentPostprocessing = 0;
		};
/* End PBXSourcesBuildPhase section */

/* Begin PBXVariantGroup section */
		BF08FAD225D8830D00D33DEF /* ProfileView.storyboard */ = {
			isa = PBXVariantGroup;
			children = (
				BF08FAD325D8830D00D33DEF /* Base */,
			);
			name = ProfileView.storyboard;
			sourceTree = "<group>";
		};
		BF08FAD725D8830E00D33DEF /* LaunchScreen.storyboard */ = {
			isa = PBXVariantGroup;
			children = (
				BF08FAD825D8830E00D33DEF /* Base */,
			);
			name = LaunchScreen.storyboard;
			sourceTree = "<group>";
		};
/* End PBXVariantGroup section */

/* Begin XCBuildConfiguration section */
		BF08FADB25D8830E00D33DEF /* Debug */ = {
			isa = XCBuildConfiguration;
			buildSettings = {
				ALWAYS_SEARCH_USER_PATHS = NO;
				CLANG_ANALYZER_NONNULL = YES;
				CLANG_ANALYZER_NUMBER_OBJECT_CONVERSION = YES_AGGRESSIVE;
				CLANG_CXX_LANGUAGE_STANDARD = "gnu++14";
				CLANG_CXX_LIBRARY = "libc++";
				CLANG_ENABLE_MODULES = YES;
				CLANG_ENABLE_OBJC_ARC = YES;
				CLANG_ENABLE_OBJC_WEAK = YES;
				CLANG_WARN_BLOCK_CAPTURE_AUTORELEASING = YES;
				CLANG_WARN_BOOL_CONVERSION = YES;
				CLANG_WARN_COMMA = YES;
				CLANG_WARN_CONSTANT_CONVERSION = YES;
				CLANG_WARN_DEPRECATED_OBJC_IMPLEMENTATIONS = YES;
				CLANG_WARN_DIRECT_OBJC_ISA_USAGE = YES_ERROR;
				CLANG_WARN_DOCUMENTATION_COMMENTS = YES;
				CLANG_WARN_EMPTY_BODY = YES;
				CLANG_WARN_ENUM_CONVERSION = YES;
				CLANG_WARN_INFINITE_RECURSION = YES;
				CLANG_WARN_INT_CONVERSION = YES;
				CLANG_WARN_NON_LITERAL_NULL_CONVERSION = YES;
				CLANG_WARN_OBJC_IMPLICIT_RETAIN_SELF = YES;
				CLANG_WARN_OBJC_LITERAL_CONVERSION = YES;
				CLANG_WARN_OBJC_ROOT_CLASS = YES_ERROR;
				CLANG_WARN_QUOTED_INCLUDE_IN_FRAMEWORK_HEADER = YES;
				CLANG_WARN_RANGE_LOOP_ANALYSIS = YES;
				CLANG_WARN_STRICT_PROTOTYPES = YES;
				CLANG_WARN_SUSPICIOUS_MOVE = YES;
				CLANG_WARN_UNGUARDED_AVAILABILITY = YES_AGGRESSIVE;
				CLANG_WARN_UNREACHABLE_CODE = YES;
				CLANG_WARN__DUPLICATE_METHOD_MATCH = YES;
				COPY_PHASE_STRIP = NO;
				DEBUG_INFORMATION_FORMAT = dwarf;
				ENABLE_STRICT_OBJC_MSGSEND = YES;
				ENABLE_TESTABILITY = YES;
				GCC_C_LANGUAGE_STANDARD = gnu11;
				GCC_DYNAMIC_NO_PIC = NO;
				GCC_NO_COMMON_BLOCKS = YES;
				GCC_OPTIMIZATION_LEVEL = 0;
				GCC_PREPROCESSOR_DEFINITIONS = (
					"DEBUG=1",
					"$(inherited)",
				);
				GCC_WARN_64_TO_32_BIT_CONVERSION = YES;
				GCC_WARN_ABOUT_RETURN_TYPE = YES_ERROR;
				GCC_WARN_UNDECLARED_SELECTOR = YES;
				GCC_WARN_UNINITIALIZED_AUTOS = YES_AGGRESSIVE;
				GCC_WARN_UNUSED_FUNCTION = YES;
				GCC_WARN_UNUSED_VARIABLE = YES;
				IPHONEOS_DEPLOYMENT_TARGET = 12.0;
				MTL_ENABLE_DEBUG_INFO = INCLUDE_SOURCE;
				MTL_FAST_MATH = YES;
				ONLY_ACTIVE_ARCH = YES;
				SDKROOT = iphoneos;
				SWIFT_ACTIVE_COMPILATION_CONDITIONS = DEBUG;
				SWIFT_OPTIMIZATION_LEVEL = "-Onone";
			};
			name = Debug;
		};
		BF08FADC25D8830E00D33DEF /* Release */ = {
			isa = XCBuildConfiguration;
			buildSettings = {
				ALWAYS_SEARCH_USER_PATHS = NO;
				CLANG_ANALYZER_NONNULL = YES;
				CLANG_ANALYZER_NUMBER_OBJECT_CONVERSION = YES_AGGRESSIVE;
				CLANG_CXX_LANGUAGE_STANDARD = "gnu++14";
				CLANG_CXX_LIBRARY = "libc++";
				CLANG_ENABLE_MODULES = YES;
				CLANG_ENABLE_OBJC_ARC = YES;
				CLANG_ENABLE_OBJC_WEAK = YES;
				CLANG_WARN_BLOCK_CAPTURE_AUTORELEASING = YES;
				CLANG_WARN_BOOL_CONVERSION = YES;
				CLANG_WARN_COMMA = YES;
				CLANG_WARN_CONSTANT_CONVERSION = YES;
				CLANG_WARN_DEPRECATED_OBJC_IMPLEMENTATIONS = YES;
				CLANG_WARN_DIRECT_OBJC_ISA_USAGE = YES_ERROR;
				CLANG_WARN_DOCUMENTATION_COMMENTS = YES;
				CLANG_WARN_EMPTY_BODY = YES;
				CLANG_WARN_ENUM_CONVERSION = YES;
				CLANG_WARN_INFINITE_RECURSION = YES;
				CLANG_WARN_INT_CONVERSION = YES;
				CLANG_WARN_NON_LITERAL_NULL_CONVERSION = YES;
				CLANG_WARN_OBJC_IMPLICIT_RETAIN_SELF = YES;
				CLANG_WARN_OBJC_LITERAL_CONVERSION = YES;
				CLANG_WARN_OBJC_ROOT_CLASS = YES_ERROR;
				CLANG_WARN_QUOTED_INCLUDE_IN_FRAMEWORK_HEADER = YES;
				CLANG_WARN_RANGE_LOOP_ANALYSIS = YES;
				CLANG_WARN_STRICT_PROTOTYPES = YES;
				CLANG_WARN_SUSPICIOUS_MOVE = YES;
				CLANG_WARN_UNGUARDED_AVAILABILITY = YES_AGGRESSIVE;
				CLANG_WARN_UNREACHABLE_CODE = YES;
				CLANG_WARN__DUPLICATE_METHOD_MATCH = YES;
				COPY_PHASE_STRIP = NO;
				DEBUG_INFORMATION_FORMAT = "dwarf-with-dsym";
				ENABLE_NS_ASSERTIONS = NO;
				ENABLE_STRICT_OBJC_MSGSEND = YES;
				GCC_C_LANGUAGE_STANDARD = gnu11;
				GCC_NO_COMMON_BLOCKS = YES;
				GCC_WARN_64_TO_32_BIT_CONVERSION = YES;
				GCC_WARN_ABOUT_RETURN_TYPE = YES_ERROR;
				GCC_WARN_UNDECLARED_SELECTOR = YES;
				GCC_WARN_UNINITIALIZED_AUTOS = YES_AGGRESSIVE;
				GCC_WARN_UNUSED_FUNCTION = YES;
				GCC_WARN_UNUSED_VARIABLE = YES;
				IPHONEOS_DEPLOYMENT_TARGET = 12.0;
				MTL_ENABLE_DEBUG_INFO = NO;
				MTL_FAST_MATH = YES;
				SDKROOT = iphoneos;
				SWIFT_COMPILATION_MODE = wholemodule;
				SWIFT_OPTIMIZATION_LEVEL = "-O";
				VALIDATE_PRODUCT = YES;
			};
			name = Release;
		};
		BF08FADE25D8830E00D33DEF /* Debug */ = {
			isa = XCBuildConfiguration;
			buildSettings = {
				ASSETCATALOG_COMPILER_APPICON_NAME = AppIcon;
				ASSETCATALOG_COMPILER_GLOBAL_ACCENT_COLOR_NAME = AccentColor;
				CODE_SIGN_STYLE = Automatic;
				DEVELOPMENT_TEAM = 45HC849D5Z;
				INFOPLIST_FILE = ChatApp/Info.plist;
				LD_RUNPATH_SEARCH_PATHS = (
					"$(inherited)",
					"@executable_path/Frameworks",
				);
				PRODUCT_BUNDLE_IDENTIFIER = "Ilnur-Mugaev.ChatApp";
				PRODUCT_NAME = "$(TARGET_NAME)";
				SWIFT_VERSION = 5.0;
				TARGETED_DEVICE_FAMILY = "1,2";
			};
			name = Debug;
		};
		BF08FADF25D8830E00D33DEF /* Release */ = {
			isa = XCBuildConfiguration;
			buildSettings = {
				ASSETCATALOG_COMPILER_APPICON_NAME = AppIcon;
				ASSETCATALOG_COMPILER_GLOBAL_ACCENT_COLOR_NAME = AccentColor;
				CODE_SIGN_STYLE = Automatic;
				DEVELOPMENT_TEAM = 45HC849D5Z;
				INFOPLIST_FILE = ChatApp/Info.plist;
				LD_RUNPATH_SEARCH_PATHS = (
					"$(inherited)",
					"@executable_path/Frameworks",
				);
				PRODUCT_BUNDLE_IDENTIFIER = "Ilnur-Mugaev.ChatApp";
				PRODUCT_NAME = "$(TARGET_NAME)";
				SWIFT_VERSION = 5.0;
				TARGETED_DEVICE_FAMILY = "1,2";
			};
			name = Release;
		};
/* End XCBuildConfiguration section */

/* Begin XCConfigurationList section */
		BF08FAC425D8830D00D33DEF /* Build configuration list for PBXProject "ChatApp" */ = {
			isa = XCConfigurationList;
			buildConfigurations = (
				BF08FADB25D8830E00D33DEF /* Debug */,
				BF08FADC25D8830E00D33DEF /* Release */,
			);
			defaultConfigurationIsVisible = 0;
			defaultConfigurationName = Release;
		};
		BF08FADD25D8830E00D33DEF /* Build configuration list for PBXNativeTarget "ChatApp" */ = {
			isa = XCConfigurationList;
			buildConfigurations = (
				BF08FADE25D8830E00D33DEF /* Debug */,
				BF08FADF25D8830E00D33DEF /* Release */,
			);
			defaultConfigurationIsVisible = 0;
			defaultConfigurationName = Release;
		};
/* End XCConfigurationList section */
	};
	rootObject = BF08FAC125D8830D00D33DEF /* Project object */;
}
