// !$*UTF8*$!
{
	archiveVersion = 1;
	classes = {
	};
	objectVersion = 51;
	objects = {

/* Begin PBXBuildFile section */
		288B5BA0A70CBFDE5861F044 /* Pods_ChatApp.framework in Frameworks */ = {isa = PBXBuildFile; fileRef = CC2DBDB9563CCE3550A584D7 /* Pods_ChatApp.framework */; };
		BF08FACD25D8830D00D33DEF /* AppDelegate.swift in Sources */ = {isa = PBXBuildFile; fileRef = BF08FACC25D8830D00D33DEF /* AppDelegate.swift */; };
		BF08FAD125D8830D00D33DEF /* ProfileViewController.swift in Sources */ = {isa = PBXBuildFile; fileRef = BF08FAD025D8830D00D33DEF /* ProfileViewController.swift */; };
		BF08FAD625D8830E00D33DEF /* Assets.xcassets in Resources */ = {isa = PBXBuildFile; fileRef = BF08FAD525D8830E00D33DEF /* Assets.xcassets */; };
		BF08FAD925D8830E00D33DEF /* LaunchScreen.storyboard in Resources */ = {isa = PBXBuildFile; fileRef = BF08FAD725D8830E00D33DEF /* LaunchScreen.storyboard */; };
		BF08FAE325D8849800D33DEF /* Logging.swift in Sources */ = {isa = PBXBuildFile; fileRef = BF08FAE225D8849800D33DEF /* Logging.swift */; };
		BF0EAACC263DD69F00BFA969 /* ChatAppUITests.swift in Sources */ = {isa = PBXBuildFile; fileRef = BF0EAACB263DD69F00BFA969 /* ChatAppUITests.swift */; };
		BF0EAADC263DDC1600BFA969 /* ChatAppTests.swift in Sources */ = {isa = PBXBuildFile; fileRef = BF0EAADB263DDC1600BFA969 /* ChatAppTests.swift */; };
		BF0EAAE7263DDC6900BFA969 /* SaveToFileManagerMock.swift in Sources */ = {isa = PBXBuildFile; fileRef = BF0EAAE6263DDC6900BFA969 /* SaveToFileManagerMock.swift */; };
		BF0EAAEC263DDC8F00BFA969 /* RequestManagerMock.swift in Sources */ = {isa = PBXBuildFile; fileRef = BF0EAAEB263DDC8F00BFA969 /* RequestManagerMock.swift */; };
		BF0EAAF1263DDCC400BFA969 /* AllPhotosServiceMock.swift in Sources */ = {isa = PBXBuildFile; fileRef = BF0EAAF0263DDCC400BFA969 /* AllPhotosServiceMock.swift */; };
		BF28B5BF261780DB005EFAE3 /* Chat.xcdatamodeld in Sources */ = {isa = PBXBuildFile; fileRef = BF28B5BD261780DB005EFAE3 /* Chat.xcdatamodeld */; };
		BF28B5C226178187005EFAE3 /* MessageDB+CoreDataClass.swift in Sources */ = {isa = PBXBuildFile; fileRef = BF28B5C126178187005EFAE3 /* MessageDB+CoreDataClass.swift */; };
		BF28B5C5261781BA005EFAE3 /* MessageDB+CoreDataProperties.swift in Sources */ = {isa = PBXBuildFile; fileRef = BF28B5C4261781BA005EFAE3 /* MessageDB+CoreDataProperties.swift */; };
		BF28B5C82617825B005EFAE3 /* ChannelDB+CoreDataClass.swift in Sources */ = {isa = PBXBuildFile; fileRef = BF28B5C72617825B005EFAE3 /* ChannelDB+CoreDataClass.swift */; };
		BF28B5CB26178290005EFAE3 /* ChannelDB+CoreDataProperties.swift in Sources */ = {isa = PBXBuildFile; fileRef = BF28B5CA26178290005EFAE3 /* ChannelDB+CoreDataProperties.swift */; };
		BF28B5CE2617837B005EFAE3 /* CoreDataManager.swift in Sources */ = {isa = PBXBuildFile; fileRef = BF28B5CD2617837B005EFAE3 /* CoreDataManager.swift */; };
		BF2DE7B42603E30700F8A496 /* GCDFileService.swift in Sources */ = {isa = PBXBuildFile; fileRef = BF2DE7B32603E30700F8A496 /* GCDFileService.swift */; };
		BF2DE7B72603E36B00F8A496 /* LoadOperation.swift in Sources */ = {isa = PBXBuildFile; fileRef = BF2DE7B62603E36B00F8A496 /* LoadOperation.swift */; };
		BF2DE7BA2603E3AC00F8A496 /* OperationFileService.swift in Sources */ = {isa = PBXBuildFile; fileRef = BF2DE7B92603E3AC00F8A496 /* OperationFileService.swift */; };
		BF2DE7BD2603E3E800F8A496 /* SaveOperation.swift in Sources */ = {isa = PBXBuildFile; fileRef = BF2DE7BC2603E3E800F8A496 /* SaveOperation.swift */; };
		BF2DE7C02603E65A00F8A496 /* User.swift in Sources */ = {isa = PBXBuildFile; fileRef = BF2DE7BF2603E65A00F8A496 /* User.swift */; };
		BF41CD5D2628D5CA00CEF5A6 /* RootAssembly.swift in Sources */ = {isa = PBXBuildFile; fileRef = BF41CD5C2628D5CA00CEF5A6 /* RootAssembly.swift */; };
		BF41CD602628D63000CEF5A6 /* PresentationAssembly.swift in Sources */ = {isa = PBXBuildFile; fileRef = BF41CD5F2628D63000CEF5A6 /* PresentationAssembly.swift */; };
		BF41CD692628D80C00CEF5A6 /* ConversationListModel.swift in Sources */ = {isa = PBXBuildFile; fileRef = BF41CD682628D80C00CEF5A6 /* ConversationListModel.swift */; };
		BF41CD6D2628D8A600CEF5A6 /* ConversationList.xib in Resources */ = {isa = PBXBuildFile; fileRef = BF41CD6C2628D8A600CEF5A6 /* ConversationList.xib */; };
		BF41CD712628DA6100CEF5A6 /* ConversationModel.swift in Sources */ = {isa = PBXBuildFile; fileRef = BF41CD702628DA6100CEF5A6 /* ConversationModel.swift */; };
		BF41CD752628DAD700CEF5A6 /* ConversationView.swift in Sources */ = {isa = PBXBuildFile; fileRef = BF41CD742628DAD700CEF5A6 /* ConversationView.swift */; };
		BF41CD782628DAFA00CEF5A6 /* Conversation.xib in Resources */ = {isa = PBXBuildFile; fileRef = BF41CD772628DAFA00CEF5A6 /* Conversation.xib */; };
		BF41CD7B2628DC0B00CEF5A6 /* ProfileModel.swift in Sources */ = {isa = PBXBuildFile; fileRef = BF41CD7A2628DC0B00CEF5A6 /* ProfileModel.swift */; };
		BF41CD822628DC5400CEF5A6 /* ProfileView.swift in Sources */ = {isa = PBXBuildFile; fileRef = BF41CD812628DC5400CEF5A6 /* ProfileView.swift */; };
		BF41CD872628DD8C00CEF5A6 /* ThemesModel.swift in Sources */ = {isa = PBXBuildFile; fileRef = BF41CD862628DD8C00CEF5A6 /* ThemesModel.swift */; };
		BF41CD8A2628DDAF00CEF5A6 /* Themes.xib in Resources */ = {isa = PBXBuildFile; fileRef = BF41CD892628DDAE00CEF5A6 /* Themes.xib */; };
		BF41CD8F2628DE6E00CEF5A6 /* ServiceAssembly.swift in Sources */ = {isa = PBXBuildFile; fileRef = BF41CD8E2628DE6D00CEF5A6 /* ServiceAssembly.swift */; };
		BF41CD9C2628E1DE00CEF5A6 /* CoreAssembly.swift in Sources */ = {isa = PBXBuildFile; fileRef = BF41CD9B2628E1DE00CEF5A6 /* CoreAssembly.swift */; };
		BF41CDA72628E3CB00CEF5A6 /* ChannelsService.swift in Sources */ = {isa = PBXBuildFile; fileRef = BF41CDA62628E3CB00CEF5A6 /* ChannelsService.swift */; };
		BF41CDAA2628E40400CEF5A6 /* ChannelsDataProvider.swift in Sources */ = {isa = PBXBuildFile; fileRef = BF41CDA92628E40400CEF5A6 /* ChannelsDataProvider.swift */; };
		BF41CDAD2628E43300CEF5A6 /* ChannelsFetchedResultsService.swift in Sources */ = {isa = PBXBuildFile; fileRef = BF41CDAC2628E43300CEF5A6 /* ChannelsFetchedResultsService.swift */; };
		BF41CDB22628E4BB00CEF5A6 /* MessagesService.swift in Sources */ = {isa = PBXBuildFile; fileRef = BF41CDB12628E4BB00CEF5A6 /* MessagesService.swift */; };
		BF41CDB52628E4E800CEF5A6 /* MessagesDataProvider.swift in Sources */ = {isa = PBXBuildFile; fileRef = BF41CDB42628E4E800CEF5A6 /* MessagesDataProvider.swift */; };
		BF41CDB82628E51600CEF5A6 /* MessagesFetchedResultsService.swift in Sources */ = {isa = PBXBuildFile; fileRef = BF41CDB72628E51600CEF5A6 /* MessagesFetchedResultsService.swift */; };
		BF41CDBF2628E5AD00CEF5A6 /* SaveToFileManager.swift in Sources */ = {isa = PBXBuildFile; fileRef = BF41CDBE2628E5AD00CEF5A6 /* SaveToFileManager.swift */; };
		BF41CDC32628E65900CEF5A6 /* FetchManager.swift in Sources */ = {isa = PBXBuildFile; fileRef = BF41CDC22628E65900CEF5A6 /* FetchManager.swift */; };
		BF41CDC72628E6F200CEF5A6 /* HelperFunctions.swift in Sources */ = {isa = PBXBuildFile; fileRef = BF41CDC62628E6F200CEF5A6 /* HelperFunctions.swift */; };
		BF41CDCA2628E72100CEF5A6 /* ViewController+Navigation.swift in Sources */ = {isa = PBXBuildFile; fileRef = BF41CDC92628E72100CEF5A6 /* ViewController+Navigation.swift */; };
		BF7670D02634C38000BF23C8 /* TinkoffCell.swift in Sources */ = {isa = PBXBuildFile; fileRef = BF7670CF2634C38000BF23C8 /* TinkoffCell.swift */; };
		BF7670D32634C48A00BF23C8 /* Animator.swift in Sources */ = {isa = PBXBuildFile; fileRef = BF7670D22634C48A00BF23C8 /* Animator.swift */; };
		BF7670D72634C53A00BF23C8 /* Profile.xib in Resources */ = {isa = PBXBuildFile; fileRef = BF7670D62634C53900BF23C8 /* Profile.xib */; };
		BF7670DA2634C5C800BF23C8 /* EmitterAnimationService.swift in Sources */ = {isa = PBXBuildFile; fileRef = BF7670D92634C5C800BF23C8 /* EmitterAnimationService.swift */; };
		BF7C432925EAE61600581B04 /* ConversationListViewController.swift in Sources */ = {isa = PBXBuildFile; fileRef = BF7C432825EAE61600581B04 /* ConversationListViewController.swift */; };
		BF7D175525F941E100012E0E /* ThemesViewController.swift in Sources */ = {isa = PBXBuildFile; fileRef = BF7D175425F941E100012E0E /* ThemesViewController.swift */; };
		BF7D175D25F9429B00012E0E /* ThemeService.swift in Sources */ = {isa = PBXBuildFile; fileRef = BF7D175C25F9429B00012E0E /* ThemeService.swift */; };
		BF7D176025F942EA00012E0E /* Colors.swift in Sources */ = {isa = PBXBuildFile; fileRef = BF7D175F25F942EA00012E0E /* Colors.swift */; };
		BF925DD32631F601006877CE /* RequestManager.swift in Sources */ = {isa = PBXBuildFile; fileRef = BF925DD22631F601006877CE /* RequestManager.swift */; };
		BF925DD62631F65B006877CE /* UrlRequest.swift in Sources */ = {isa = PBXBuildFile; fileRef = BF925DD52631F65B006877CE /* UrlRequest.swift */; };
		BF925DDA2631F7ED006877CE /* ImageCell.swift in Sources */ = {isa = PBXBuildFile; fileRef = BF925DD92631F7ED006877CE /* ImageCell.swift */; };
		BF925DDE2631F857006877CE /* ImagePicker.xib in Resources */ = {isa = PBXBuildFile; fileRef = BF925DDD2631F857006877CE /* ImagePicker.xib */; };
		BF925DE12631F877006877CE /* ImagePickerViewController.swift in Sources */ = {isa = PBXBuildFile; fileRef = BF925DE02631F877006877CE /* ImagePickerViewController.swift */; };
		BF925DE62631F8D4006877CE /* ImageCellModel.swift in Sources */ = {isa = PBXBuildFile; fileRef = BF925DE52631F8D4006877CE /* ImageCellModel.swift */; };
		BF925DE92631F91B006877CE /* ImagePickerModel.swift in Sources */ = {isa = PBXBuildFile; fileRef = BF925DE82631F91B006877CE /* ImagePickerModel.swift */; };
		BF925DF12631FB39006877CE /* AllPhotosService.swift in Sources */ = {isa = PBXBuildFile; fileRef = BF925DF02631FB39006877CE /* AllPhotosService.swift */; };
		BF925DF42631FB88006877CE /* PhotoService.swift in Sources */ = {isa = PBXBuildFile; fileRef = BF925DF32631FB88006877CE /* PhotoService.swift */; };
		BFB035DD260D11D700D52C8B /* .swiftlint.yml in Resources */ = {isa = PBXBuildFile; fileRef = BFB035DC260D11D700D52C8B /* .swiftlint.yml */; };
		BFB035E2260D11F500D52C8B /* GoogleService-Info.plist in Resources */ = {isa = PBXBuildFile; fileRef = BFB035E0260D11F500D52C8B /* GoogleService-Info.plist */; };
		BFB035E8260D145900D52C8B /* FirebaseManager.swift in Sources */ = {isa = PBXBuildFile; fileRef = BFB035E7260D145900D52C8B /* FirebaseManager.swift */; };
		BFB035ED260D14C700D52C8B /* AlertService.swift in Sources */ = {isa = PBXBuildFile; fileRef = BFB035EC260D14C700D52C8B /* AlertService.swift */; };
		BFB035F0260D1A0300D52C8B /* CustomTextField.swift in Sources */ = {isa = PBXBuildFile; fileRef = BFB035EF260D1A0300D52C8B /* CustomTextField.swift */; };
		BFB035F8260D1B7100D52C8B /* MessageCellModel.swift in Sources */ = {isa = PBXBuildFile; fileRef = BFB035F7260D1B7100D52C8B /* MessageCellModel.swift */; };
		BFB03605260D1C8E00D52C8B /* ConversationCellModel.swift in Sources */ = {isa = PBXBuildFile; fileRef = BFB03604260D1C8E00D52C8B /* ConversationCellModel.swift */; };
		BFB03611260D1EA800D52C8B /* SentMessageCell.swift in Sources */ = {isa = PBXBuildFile; fileRef = BFB03610260D1EA800D52C8B /* SentMessageCell.swift */; };
		BFB03614260D1EDD00D52C8B /* ReceivedMessageCell.swift in Sources */ = {isa = PBXBuildFile; fileRef = BFB03613260D1EDD00D52C8B /* ReceivedMessageCell.swift */; };
		BFB0361E260D205600D52C8B /* ConversationCell.swift in Sources */ = {isa = PBXBuildFile; fileRef = BFB0361D260D205600D52C8B /* ConversationCell.swift */; };
		BFB03623260D239F00D52C8B /* Constants.swift in Sources */ = {isa = PBXBuildFile; fileRef = BFB03622260D239F00D52C8B /* Constants.swift */; };
		BFD99E8B25F0198200946323 /* ConversationViewController.swift in Sources */ = {isa = PBXBuildFile; fileRef = BFD99E8A25F0198200946323 /* ConversationViewController.swift */; };
		BFF8C60B2603FCA30050D03A /* AvatarView.swift in Sources */ = {isa = PBXBuildFile; fileRef = BFF8C60A2603FCA30050D03A /* AvatarView.swift */; };
		E5A026C93BCF0D099259ED8D /* Pods_ChatAppTests.framework in Frameworks */ = {isa = PBXBuildFile; fileRef = 1031B11AAE3119EEA56EB402 /* Pods_ChatAppTests.framework */; };
/* End PBXBuildFile section */

/* Begin PBXContainerItemProxy section */
		BF0EAACE263DD69F00BFA969 /* PBXContainerItemProxy */ = {
			isa = PBXContainerItemProxy;
			containerPortal = BF08FAC125D8830D00D33DEF /* Project object */;
			proxyType = 1;
			remoteGlobalIDString = BF08FAC825D8830D00D33DEF;
			remoteInfo = ChatApp;
		};
		BF0EAADE263DDC1600BFA969 /* PBXContainerItemProxy */ = {
			isa = PBXContainerItemProxy;
			containerPortal = BF08FAC125D8830D00D33DEF /* Project object */;
			proxyType = 1;
			remoteGlobalIDString = BF08FAC825D8830D00D33DEF;
			remoteInfo = ChatApp;
		};
/* End PBXContainerItemProxy section */

/* Begin PBXFileReference section */
		07B5DCB5A666BA4A9F07F95E /* Pods-ChatApp.debug.xcconfig */ = {isa = PBXFileReference; includeInIndex = 1; lastKnownFileType = text.xcconfig; name = "Pods-ChatApp.debug.xcconfig"; path = "Target Support Files/Pods-ChatApp/Pods-ChatApp.debug.xcconfig"; sourceTree = "<group>"; };
		09B0E485BB0422705BBA54EF /* Pods-ChatApp.release.xcconfig */ = {isa = PBXFileReference; includeInIndex = 1; lastKnownFileType = text.xcconfig; name = "Pods-ChatApp.release.xcconfig"; path = "Target Support Files/Pods-ChatApp/Pods-ChatApp.release.xcconfig"; sourceTree = "<group>"; };
		1031B11AAE3119EEA56EB402 /* Pods_ChatAppTests.framework */ = {isa = PBXFileReference; explicitFileType = wrapper.framework; includeInIndex = 0; path = Pods_ChatAppTests.framework; sourceTree = BUILT_PRODUCTS_DIR; };
		5D17740BF76F5A21AEB37A2A /* Pods-ChatAppTests.debug.xcconfig */ = {isa = PBXFileReference; includeInIndex = 1; lastKnownFileType = text.xcconfig; name = "Pods-ChatAppTests.debug.xcconfig"; path = "Target Support Files/Pods-ChatAppTests/Pods-ChatAppTests.debug.xcconfig"; sourceTree = "<group>"; };
		B01A3DEDA9E8F4BFF26C9290 /* Pods-ChatAppTests.release.xcconfig */ = {isa = PBXFileReference; includeInIndex = 1; lastKnownFileType = text.xcconfig; name = "Pods-ChatAppTests.release.xcconfig"; path = "Target Support Files/Pods-ChatAppTests/Pods-ChatAppTests.release.xcconfig"; sourceTree = "<group>"; };
		BF08FAC925D8830D00D33DEF /* ChatApp.app */ = {isa = PBXFileReference; explicitFileType = wrapper.application; includeInIndex = 0; path = ChatApp.app; sourceTree = BUILT_PRODUCTS_DIR; };
		BF08FACC25D8830D00D33DEF /* AppDelegate.swift */ = {isa = PBXFileReference; lastKnownFileType = sourcecode.swift; path = AppDelegate.swift; sourceTree = "<group>"; };
		BF08FAD025D8830D00D33DEF /* ProfileViewController.swift */ = {isa = PBXFileReference; lastKnownFileType = sourcecode.swift; path = ProfileViewController.swift; sourceTree = "<group>"; };
		BF08FAD525D8830E00D33DEF /* Assets.xcassets */ = {isa = PBXFileReference; lastKnownFileType = folder.assetcatalog; path = Assets.xcassets; sourceTree = "<group>"; };
		BF08FAD825D8830E00D33DEF /* Base */ = {isa = PBXFileReference; lastKnownFileType = file.storyboard; name = Base; path = Base.lproj/LaunchScreen.storyboard; sourceTree = "<group>"; };
		BF08FADA25D8830E00D33DEF /* Info.plist */ = {isa = PBXFileReference; lastKnownFileType = text.plist.xml; path = Info.plist; sourceTree = "<group>"; };
		BF08FAE225D8849800D33DEF /* Logging.swift */ = {isa = PBXFileReference; lastKnownFileType = sourcecode.swift; path = Logging.swift; sourceTree = "<group>"; };
		BF0EAAC9263DD69F00BFA969 /* ChatAppUITests.xctest */ = {isa = PBXFileReference; explicitFileType = wrapper.cfbundle; includeInIndex = 0; path = ChatAppUITests.xctest; sourceTree = BUILT_PRODUCTS_DIR; };
		BF0EAACB263DD69F00BFA969 /* ChatAppUITests.swift */ = {isa = PBXFileReference; lastKnownFileType = sourcecode.swift; path = ChatAppUITests.swift; sourceTree = "<group>"; };
		BF0EAACD263DD69F00BFA969 /* Info.plist */ = {isa = PBXFileReference; lastKnownFileType = text.plist.xml; path = Info.plist; sourceTree = "<group>"; };
		BF0EAAD9263DDC1600BFA969 /* ChatAppTests.xctest */ = {isa = PBXFileReference; explicitFileType = wrapper.cfbundle; includeInIndex = 0; path = ChatAppTests.xctest; sourceTree = BUILT_PRODUCTS_DIR; };
		BF0EAADB263DDC1600BFA969 /* ChatAppTests.swift */ = {isa = PBXFileReference; lastKnownFileType = sourcecode.swift; path = ChatAppTests.swift; sourceTree = "<group>"; };
		BF0EAADD263DDC1600BFA969 /* Info.plist */ = {isa = PBXFileReference; lastKnownFileType = text.plist.xml; path = Info.plist; sourceTree = "<group>"; };
		BF0EAAE6263DDC6900BFA969 /* SaveToFileManagerMock.swift */ = {isa = PBXFileReference; lastKnownFileType = sourcecode.swift; path = SaveToFileManagerMock.swift; sourceTree = "<group>"; };
		BF0EAAEB263DDC8F00BFA969 /* RequestManagerMock.swift */ = {isa = PBXFileReference; lastKnownFileType = sourcecode.swift; path = RequestManagerMock.swift; sourceTree = "<group>"; };
		BF0EAAF0263DDCC400BFA969 /* AllPhotosServiceMock.swift */ = {isa = PBXFileReference; lastKnownFileType = sourcecode.swift; path = AllPhotosServiceMock.swift; sourceTree = "<group>"; };
		BF28B5BE261780DB005EFAE3 /* Chat.xcdatamodel */ = {isa = PBXFileReference; lastKnownFileType = wrapper.xcdatamodel; path = Chat.xcdatamodel; sourceTree = "<group>"; };
		BF28B5C126178187005EFAE3 /* MessageDB+CoreDataClass.swift */ = {isa = PBXFileReference; lastKnownFileType = sourcecode.swift; path = "MessageDB+CoreDataClass.swift"; sourceTree = "<group>"; };
		BF28B5C4261781BA005EFAE3 /* MessageDB+CoreDataProperties.swift */ = {isa = PBXFileReference; lastKnownFileType = sourcecode.swift; path = "MessageDB+CoreDataProperties.swift"; sourceTree = "<group>"; };
		BF28B5C72617825B005EFAE3 /* ChannelDB+CoreDataClass.swift */ = {isa = PBXFileReference; lastKnownFileType = sourcecode.swift; path = "ChannelDB+CoreDataClass.swift"; sourceTree = "<group>"; };
		BF28B5CA26178290005EFAE3 /* ChannelDB+CoreDataProperties.swift */ = {isa = PBXFileReference; lastKnownFileType = sourcecode.swift; path = "ChannelDB+CoreDataProperties.swift"; sourceTree = "<group>"; };
		BF28B5CD2617837B005EFAE3 /* CoreDataManager.swift */ = {isa = PBXFileReference; lastKnownFileType = sourcecode.swift; path = CoreDataManager.swift; sourceTree = "<group>"; };
		BF2DE7B32603E30700F8A496 /* GCDFileService.swift */ = {isa = PBXFileReference; lastKnownFileType = sourcecode.swift; path = GCDFileService.swift; sourceTree = "<group>"; };
		BF2DE7B62603E36B00F8A496 /* LoadOperation.swift */ = {isa = PBXFileReference; lastKnownFileType = sourcecode.swift; path = LoadOperation.swift; sourceTree = "<group>"; };
		BF2DE7B92603E3AC00F8A496 /* OperationFileService.swift */ = {isa = PBXFileReference; lastKnownFileType = sourcecode.swift; path = OperationFileService.swift; sourceTree = "<group>"; };
		BF2DE7BC2603E3E800F8A496 /* SaveOperation.swift */ = {isa = PBXFileReference; lastKnownFileType = sourcecode.swift; path = SaveOperation.swift; sourceTree = "<group>"; };
		BF2DE7BF2603E65A00F8A496 /* User.swift */ = {isa = PBXFileReference; lastKnownFileType = sourcecode.swift; path = User.swift; sourceTree = "<group>"; };
		BF41CD5C2628D5CA00CEF5A6 /* RootAssembly.swift */ = {isa = PBXFileReference; lastKnownFileType = sourcecode.swift; path = RootAssembly.swift; sourceTree = "<group>"; };
		BF41CD5F2628D63000CEF5A6 /* PresentationAssembly.swift */ = {isa = PBXFileReference; lastKnownFileType = sourcecode.swift; path = PresentationAssembly.swift; sourceTree = "<group>"; };
		BF41CD682628D80C00CEF5A6 /* ConversationListModel.swift */ = {isa = PBXFileReference; lastKnownFileType = sourcecode.swift; path = ConversationListModel.swift; sourceTree = "<group>"; };
		BF41CD6C2628D8A600CEF5A6 /* ConversationList.xib */ = {isa = PBXFileReference; fileEncoding = 4; lastKnownFileType = file.xib; path = ConversationList.xib; sourceTree = "<group>"; };
		BF41CD702628DA6100CEF5A6 /* ConversationModel.swift */ = {isa = PBXFileReference; lastKnownFileType = sourcecode.swift; path = ConversationModel.swift; sourceTree = "<group>"; };
		BF41CD742628DAD700CEF5A6 /* ConversationView.swift */ = {isa = PBXFileReference; lastKnownFileType = sourcecode.swift; path = ConversationView.swift; sourceTree = "<group>"; };
		BF41CD772628DAFA00CEF5A6 /* Conversation.xib */ = {isa = PBXFileReference; fileEncoding = 4; lastKnownFileType = file.xib; path = Conversation.xib; sourceTree = "<group>"; };
		BF41CD7A2628DC0B00CEF5A6 /* ProfileModel.swift */ = {isa = PBXFileReference; lastKnownFileType = sourcecode.swift; path = ProfileModel.swift; sourceTree = "<group>"; };
		BF41CD812628DC5400CEF5A6 /* ProfileView.swift */ = {isa = PBXFileReference; lastKnownFileType = sourcecode.swift; path = ProfileView.swift; sourceTree = "<group>"; };
		BF41CD862628DD8C00CEF5A6 /* ThemesModel.swift */ = {isa = PBXFileReference; lastKnownFileType = sourcecode.swift; path = ThemesModel.swift; sourceTree = "<group>"; };
		BF41CD892628DDAE00CEF5A6 /* Themes.xib */ = {isa = PBXFileReference; fileEncoding = 4; lastKnownFileType = file.xib; path = Themes.xib; sourceTree = "<group>"; };
		BF41CD8E2628DE6D00CEF5A6 /* ServiceAssembly.swift */ = {isa = PBXFileReference; lastKnownFileType = sourcecode.swift; path = ServiceAssembly.swift; sourceTree = "<group>"; };
		BF41CD9B2628E1DE00CEF5A6 /* CoreAssembly.swift */ = {isa = PBXFileReference; lastKnownFileType = sourcecode.swift; path = CoreAssembly.swift; sourceTree = "<group>"; };
		BF41CDA62628E3CB00CEF5A6 /* ChannelsService.swift */ = {isa = PBXFileReference; lastKnownFileType = sourcecode.swift; path = ChannelsService.swift; sourceTree = "<group>"; };
		BF41CDA92628E40400CEF5A6 /* ChannelsDataProvider.swift */ = {isa = PBXFileReference; lastKnownFileType = sourcecode.swift; path = ChannelsDataProvider.swift; sourceTree = "<group>"; };
		BF41CDAC2628E43300CEF5A6 /* ChannelsFetchedResultsService.swift */ = {isa = PBXFileReference; lastKnownFileType = sourcecode.swift; path = ChannelsFetchedResultsService.swift; sourceTree = "<group>"; };
		BF41CDB12628E4BB00CEF5A6 /* MessagesService.swift */ = {isa = PBXFileReference; lastKnownFileType = sourcecode.swift; path = MessagesService.swift; sourceTree = "<group>"; };
		BF41CDB42628E4E800CEF5A6 /* MessagesDataProvider.swift */ = {isa = PBXFileReference; lastKnownFileType = sourcecode.swift; path = MessagesDataProvider.swift; sourceTree = "<group>"; };
		BF41CDB72628E51600CEF5A6 /* MessagesFetchedResultsService.swift */ = {isa = PBXFileReference; lastKnownFileType = sourcecode.swift; path = MessagesFetchedResultsService.swift; sourceTree = "<group>"; };
		BF41CDBE2628E5AD00CEF5A6 /* SaveToFileManager.swift */ = {isa = PBXFileReference; lastKnownFileType = sourcecode.swift; path = SaveToFileManager.swift; sourceTree = "<group>"; };
		BF41CDC22628E65900CEF5A6 /* FetchManager.swift */ = {isa = PBXFileReference; lastKnownFileType = sourcecode.swift; path = FetchManager.swift; sourceTree = "<group>"; };
		BF41CDC62628E6F200CEF5A6 /* HelperFunctions.swift */ = {isa = PBXFileReference; lastKnownFileType = sourcecode.swift; path = HelperFunctions.swift; sourceTree = "<group>"; };
		BF41CDC92628E72100CEF5A6 /* ViewController+Navigation.swift */ = {isa = PBXFileReference; lastKnownFileType = sourcecode.swift; path = "ViewController+Navigation.swift"; sourceTree = "<group>"; };
		BF7670CF2634C38000BF23C8 /* TinkoffCell.swift */ = {isa = PBXFileReference; lastKnownFileType = sourcecode.swift; path = TinkoffCell.swift; sourceTree = "<group>"; };
		BF7670D22634C48A00BF23C8 /* Animator.swift */ = {isa = PBXFileReference; lastKnownFileType = sourcecode.swift; path = Animator.swift; sourceTree = "<group>"; };
		BF7670D62634C53900BF23C8 /* Profile.xib */ = {isa = PBXFileReference; fileEncoding = 4; lastKnownFileType = file.xib; path = Profile.xib; sourceTree = "<group>"; };
		BF7670D92634C5C800BF23C8 /* EmitterAnimationService.swift */ = {isa = PBXFileReference; lastKnownFileType = sourcecode.swift; path = EmitterAnimationService.swift; sourceTree = "<group>"; };
		BF7C432825EAE61600581B04 /* ConversationListViewController.swift */ = {isa = PBXFileReference; lastKnownFileType = sourcecode.swift; path = ConversationListViewController.swift; sourceTree = "<group>"; };
		BF7D175425F941E100012E0E /* ThemesViewController.swift */ = {isa = PBXFileReference; lastKnownFileType = sourcecode.swift; path = ThemesViewController.swift; sourceTree = "<group>"; };
		BF7D175C25F9429B00012E0E /* ThemeService.swift */ = {isa = PBXFileReference; lastKnownFileType = sourcecode.swift; path = ThemeService.swift; sourceTree = "<group>"; };
		BF7D175F25F942EA00012E0E /* Colors.swift */ = {isa = PBXFileReference; lastKnownFileType = sourcecode.swift; path = Colors.swift; sourceTree = "<group>"; };
		BF81DE7F264DAEAC004065BF /* Config.xcconfig */ = {isa = PBXFileReference; lastKnownFileType = text.xcconfig; path = Config.xcconfig; sourceTree = "<group>"; };
		BF925DD22631F601006877CE /* RequestManager.swift */ = {isa = PBXFileReference; lastKnownFileType = sourcecode.swift; path = RequestManager.swift; sourceTree = "<group>"; };
		BF925DD52631F65B006877CE /* UrlRequest.swift */ = {isa = PBXFileReference; lastKnownFileType = sourcecode.swift; path = UrlRequest.swift; sourceTree = "<group>"; };
		BF925DD92631F7ED006877CE /* ImageCell.swift */ = {isa = PBXFileReference; lastKnownFileType = sourcecode.swift; path = ImageCell.swift; sourceTree = "<group>"; };
		BF925DDD2631F857006877CE /* ImagePicker.xib */ = {isa = PBXFileReference; fileEncoding = 4; lastKnownFileType = file.xib; path = ImagePicker.xib; sourceTree = "<group>"; };
		BF925DE02631F877006877CE /* ImagePickerViewController.swift */ = {isa = PBXFileReference; lastKnownFileType = sourcecode.swift; path = ImagePickerViewController.swift; sourceTree = "<group>"; };
		BF925DE52631F8D4006877CE /* ImageCellModel.swift */ = {isa = PBXFileReference; lastKnownFileType = sourcecode.swift; path = ImageCellModel.swift; sourceTree = "<group>"; };
		BF925DE82631F91B006877CE /* ImagePickerModel.swift */ = {isa = PBXFileReference; lastKnownFileType = sourcecode.swift; path = ImagePickerModel.swift; sourceTree = "<group>"; };
		BF925DF02631FB39006877CE /* AllPhotosService.swift */ = {isa = PBXFileReference; lastKnownFileType = sourcecode.swift; path = AllPhotosService.swift; sourceTree = "<group>"; };
		BF925DF32631FB88006877CE /* PhotoService.swift */ = {isa = PBXFileReference; lastKnownFileType = sourcecode.swift; path = PhotoService.swift; sourceTree = "<group>"; };
		BFB035DC260D11D700D52C8B /* .swiftlint.yml */ = {isa = PBXFileReference; fileEncoding = 4; lastKnownFileType = text.yaml; path = .swiftlint.yml; sourceTree = "<group>"; };
		BFB035E0260D11F500D52C8B /* GoogleService-Info.plist */ = {isa = PBXFileReference; fileEncoding = 4; lastKnownFileType = text.plist.xml; path = "GoogleService-Info.plist"; sourceTree = "<group>"; };
		BFB035E7260D145900D52C8B /* FirebaseManager.swift */ = {isa = PBXFileReference; lastKnownFileType = sourcecode.swift; path = FirebaseManager.swift; sourceTree = "<group>"; };
		BFB035EC260D14C700D52C8B /* AlertService.swift */ = {isa = PBXFileReference; lastKnownFileType = sourcecode.swift; path = AlertService.swift; sourceTree = "<group>"; };
		BFB035EF260D1A0300D52C8B /* CustomTextField.swift */ = {isa = PBXFileReference; lastKnownFileType = sourcecode.swift; path = CustomTextField.swift; sourceTree = "<group>"; };
		BFB035F7260D1B7100D52C8B /* MessageCellModel.swift */ = {isa = PBXFileReference; lastKnownFileType = sourcecode.swift; path = MessageCellModel.swift; sourceTree = "<group>"; };
		BFB03604260D1C8E00D52C8B /* ConversationCellModel.swift */ = {isa = PBXFileReference; lastKnownFileType = sourcecode.swift; path = ConversationCellModel.swift; sourceTree = "<group>"; };
		BFB03610260D1EA800D52C8B /* SentMessageCell.swift */ = {isa = PBXFileReference; lastKnownFileType = sourcecode.swift; path = SentMessageCell.swift; sourceTree = "<group>"; };
		BFB03613260D1EDD00D52C8B /* ReceivedMessageCell.swift */ = {isa = PBXFileReference; lastKnownFileType = sourcecode.swift; path = ReceivedMessageCell.swift; sourceTree = "<group>"; };
		BFB0361D260D205600D52C8B /* ConversationCell.swift */ = {isa = PBXFileReference; lastKnownFileType = sourcecode.swift; path = ConversationCell.swift; sourceTree = "<group>"; };
		BFB03622260D239F00D52C8B /* Constants.swift */ = {isa = PBXFileReference; lastKnownFileType = sourcecode.swift; path = Constants.swift; sourceTree = "<group>"; };
		BFD99E8A25F0198200946323 /* ConversationViewController.swift */ = {isa = PBXFileReference; lastKnownFileType = sourcecode.swift; path = ConversationViewController.swift; sourceTree = "<group>"; };
		BFF8C60A2603FCA30050D03A /* AvatarView.swift */ = {isa = PBXFileReference; lastKnownFileType = sourcecode.swift; path = AvatarView.swift; sourceTree = "<group>"; };
		CC2DBDB9563CCE3550A584D7 /* Pods_ChatApp.framework */ = {isa = PBXFileReference; explicitFileType = wrapper.framework; includeInIndex = 0; path = Pods_ChatApp.framework; sourceTree = BUILT_PRODUCTS_DIR; };
/* End PBXFileReference section */

/* Begin PBXFrameworksBuildPhase section */
		BF08FAC625D8830D00D33DEF /* Frameworks */ = {
			isa = PBXFrameworksBuildPhase;
			buildActionMask = 2147483647;
			files = (
				288B5BA0A70CBFDE5861F044 /* Pods_ChatApp.framework in Frameworks */,
			);
			runOnlyForDeploymentPostprocessing = 0;
		};
		BF0EAAC6263DD69F00BFA969 /* Frameworks */ = {
			isa = PBXFrameworksBuildPhase;
			buildActionMask = 2147483647;
			files = (
			);
			runOnlyForDeploymentPostprocessing = 0;
		};
		BF0EAAD6263DDC1600BFA969 /* Frameworks */ = {
			isa = PBXFrameworksBuildPhase;
			buildActionMask = 2147483647;
			files = (
				E5A026C93BCF0D099259ED8D /* Pods_ChatAppTests.framework in Frameworks */,
			);
			runOnlyForDeploymentPostprocessing = 0;
		};
/* End PBXFrameworksBuildPhase section */

/* Begin PBXGroup section */
		1BA207EC892C92D321AF8B1C /* Frameworks */ = {
			isa = PBXGroup;
			children = (
				CC2DBDB9563CCE3550A584D7 /* Pods_ChatApp.framework */,
				1031B11AAE3119EEA56EB402 /* Pods_ChatAppTests.framework */,
			);
			name = Frameworks;
			sourceTree = "<group>";
		};
		4870DEF50736BA3EDC36494F /* Pods */ = {
			isa = PBXGroup;
			children = (
				07B5DCB5A666BA4A9F07F95E /* Pods-ChatApp.debug.xcconfig */,
				09B0E485BB0422705BBA54EF /* Pods-ChatApp.release.xcconfig */,
				5D17740BF76F5A21AEB37A2A /* Pods-ChatAppTests.debug.xcconfig */,
				B01A3DEDA9E8F4BFF26C9290 /* Pods-ChatAppTests.release.xcconfig */,
			);
			path = Pods;
			sourceTree = "<group>";
		};
		BF08FAC025D8830D00D33DEF = {
			isa = PBXGroup;
			children = (
				BF08FACB25D8830D00D33DEF /* ChatApp */,
				BF0EAACA263DD69F00BFA969 /* ChatAppUITests */,
				BF0EAADA263DDC1600BFA969 /* ChatAppTests */,
				BF08FACA25D8830D00D33DEF /* Products */,
				4870DEF50736BA3EDC36494F /* Pods */,
				1BA207EC892C92D321AF8B1C /* Frameworks */,
			);
			sourceTree = "<group>";
		};
		BF08FACA25D8830D00D33DEF /* Products */ = {
			isa = PBXGroup;
			children = (
				BF08FAC925D8830D00D33DEF /* ChatApp.app */,
				BF0EAAC9263DD69F00BFA969 /* ChatAppUITests.xctest */,
				BF0EAAD9263DDC1600BFA969 /* ChatAppTests.xctest */,
			);
			name = Products;
			sourceTree = "<group>";
		};
		BF08FACB25D8830D00D33DEF /* ChatApp */ = {
			isa = PBXGroup;
			children = (
				BF08FACC25D8830D00D33DEF /* AppDelegate.swift */,
				BF08FAE225D8849800D33DEF /* Logging.swift */,
				BF41CD5C2628D5CA00CEF5A6 /* RootAssembly.swift */,
				BF41CD652628D72900CEF5A6 /* PresentationLayer */,
				BFB035EA260D146200D52C8B /* ServiceLayer */,
				BF41CD9F2628E28100CEF5A6 /* CoreLayer */,
				BF41CDBC2628E58800CEF5A6 /* Managers */,
				BFB035F2260D1A1B00D52C8B /* Helpers */,
				BF08FAD525D8830E00D33DEF /* Assets.xcassets */,
				BF08FADA25D8830E00D33DEF /* Info.plist */,
				BFB035E0260D11F500D52C8B /* GoogleService-Info.plist */,
				BF28B5BD261780DB005EFAE3 /* Chat.xcdatamodeld */,
				BF81DE7F264DAEAC004065BF /* Config.xcconfig */,
				BFB035DC260D11D700D52C8B /* .swiftlint.yml */,
				BF08FAD725D8830E00D33DEF /* LaunchScreen.storyboard */,
			);
			path = ChatApp;
			sourceTree = "<group>";
		};
		BF0EAACA263DD69F00BFA969 /* ChatAppUITests */ = {
			isa = PBXGroup;
			children = (
				BF0EAACB263DD69F00BFA969 /* ChatAppUITests.swift */,
				BF0EAACD263DD69F00BFA969 /* Info.plist */,
			);
			path = ChatAppUITests;
			sourceTree = "<group>";
		};
		BF0EAADA263DDC1600BFA969 /* ChatAppTests */ = {
			isa = PBXGroup;
			children = (
				BF0EAADB263DDC1600BFA969 /* ChatAppTests.swift */,
				BF0EAAE6263DDC6900BFA969 /* SaveToFileManagerMock.swift */,
				BF0EAAEB263DDC8F00BFA969 /* RequestManagerMock.swift */,
				BF0EAAF0263DDCC400BFA969 /* AllPhotosServiceMock.swift */,
				BF0EAADD263DDC1600BFA969 /* Info.plist */,
			);
			path = ChatAppTests;
			sourceTree = "<group>";
		};
		BF2DE7C32603ECAE00F8A496 /* Services */ = {
			isa = PBXGroup;
			children = (
				BFB035EC260D14C700D52C8B /* AlertService.swift */,
				BF7D175C25F9429B00012E0E /* ThemeService.swift */,
				BF7670D92634C5C800BF23C8 /* EmitterAnimationService.swift */,
				BF41CDAF2628E45B00CEF5A6 /* ChannelsService */,
				BF41CDBA2628E54800CEF5A6 /* MessageService */,
				BF41CD932628DFAC00CEF5A6 /* SaveToFileService */,
				BF925DF72631FBB8006877CE /* PhotosService */,
			);
			path = Services;
			sourceTree = "<group>";
		};
		BF2DE7C52603ECD400F8A496 /* Model */ = {
			isa = PBXGroup;
			children = (
				BF2DE7BF2603E65A00F8A496 /* User.swift */,
				BF41CD7A2628DC0B00CEF5A6 /* ProfileModel.swift */,
			);
			path = Model;
			sourceTree = "<group>";
		};
		BF41CD642628D6EE00CEF5A6 /* Modules */ = {
			isa = PBXGroup;
			children = (
				BFD99E8525F018AD00946323 /* Profile */,
				BF7C432E25EAE65500581B04 /* ConversationsList */,
				BFD99E8D25F019A700946323 /* Conversation */,
				BF7D175725F941FF00012E0E /* Themes */,
			);
			path = Modules;
			sourceTree = "<group>";
		};
		BF41CD652628D72900CEF5A6 /* PresentationLayer */ = {
			isa = PBXGroup;
			children = (
				BF41CD672628D76400CEF5A6 /* Assembly */,
				BF41CD642628D6EE00CEF5A6 /* Modules */,
				BF925DE32631F8A4006877CE /* ImagePicker */,
			);
			path = PresentationLayer;
			sourceTree = "<group>";
		};
		BF41CD672628D76400CEF5A6 /* Assembly */ = {
			isa = PBXGroup;
			children = (
				BF41CD5F2628D63000CEF5A6 /* PresentationAssembly.swift */,
			);
			path = Assembly;
			sourceTree = "<group>";
		};
		BF41CD912628DE9100CEF5A6 /* Assembly */ = {
			isa = PBXGroup;
			children = (
				BF41CD8E2628DE6D00CEF5A6 /* ServiceAssembly.swift */,
			);
			path = Assembly;
			sourceTree = "<group>";
		};
		BF41CD932628DFAC00CEF5A6 /* SaveToFileService */ = {
			isa = PBXGroup;
			children = (
				BF2DE7B32603E30700F8A496 /* GCDFileService.swift */,
				BF2DE7B92603E3AC00F8A496 /* OperationFileService.swift */,
				BF2DE7BC2603E3E800F8A496 /* SaveOperation.swift */,
				BF2DE7B62603E36B00F8A496 /* LoadOperation.swift */,
			);
			path = SaveToFileService;
			sourceTree = "<group>";
		};
		BF41CD972628E18D00CEF5A6 /* ChannelDB */ = {
			isa = PBXGroup;
			children = (
				BF28B5C72617825B005EFAE3 /* ChannelDB+CoreDataClass.swift */,
				BF28B5CA26178290005EFAE3 /* ChannelDB+CoreDataProperties.swift */,
			);
			path = ChannelDB;
			sourceTree = "<group>";
		};
		BF41CD992628E1A700CEF5A6 /* MessageDB */ = {
			isa = PBXGroup;
			children = (
				BF28B5C126178187005EFAE3 /* MessageDB+CoreDataClass.swift */,
				BF28B5C4261781BA005EFAE3 /* MessageDB+CoreDataProperties.swift */,
			);
			path = MessageDB;
			sourceTree = "<group>";
		};
		BF41CD9F2628E28100CEF5A6 /* CoreLayer */ = {
			isa = PBXGroup;
			children = (
				BF41CDA22628E29E00CEF5A6 /* Assembly */,
				BF41CDA42628E2CF00CEF5A6 /* Modules */,
			);
			path = CoreLayer;
			sourceTree = "<group>";
		};
		BF41CDA22628E29E00CEF5A6 /* Assembly */ = {
			isa = PBXGroup;
			children = (
				BF41CD9B2628E1DE00CEF5A6 /* CoreAssembly.swift */,
			);
			path = Assembly;
			sourceTree = "<group>";
		};
		BF41CDA42628E2CF00CEF5A6 /* Modules */ = {
			isa = PBXGroup;
			children = (
				BF41CD972628E18D00CEF5A6 /* ChannelDB */,
				BF41CD992628E1A700CEF5A6 /* MessageDB */,
			);
			path = Modules;
			sourceTree = "<group>";
		};
		BF41CDAF2628E45B00CEF5A6 /* ChannelsService */ = {
			isa = PBXGroup;
			children = (
				BF41CDA62628E3CB00CEF5A6 /* ChannelsService.swift */,
				BF41CDA92628E40400CEF5A6 /* ChannelsDataProvider.swift */,
				BF41CDAC2628E43300CEF5A6 /* ChannelsFetchedResultsService.swift */,
			);
			path = ChannelsService;
			sourceTree = "<group>";
		};
		BF41CDBA2628E54800CEF5A6 /* MessageService */ = {
			isa = PBXGroup;
			children = (
				BF41CDB12628E4BB00CEF5A6 /* MessagesService.swift */,
				BF41CDB42628E4E800CEF5A6 /* MessagesDataProvider.swift */,
				BF41CDB72628E51600CEF5A6 /* MessagesFetchedResultsService.swift */,
			);
			path = MessageService;
			sourceTree = "<group>";
		};
		BF41CDBC2628E58800CEF5A6 /* Managers */ = {
			isa = PBXGroup;
			children = (
				BFB035E7260D145900D52C8B /* FirebaseManager.swift */,
				BF41CDBE2628E5AD00CEF5A6 /* SaveToFileManager.swift */,
				BF28B5CD2617837B005EFAE3 /* CoreDataManager.swift */,
				BF41CDC22628E65900CEF5A6 /* FetchManager.swift */,
				BF925DD82631F690006877CE /* NetworkManager */,
			);
			path = Managers;
			sourceTree = "<group>";
		};
		BF6E706525EAF7C40067C156 /* Model */ = {
			isa = PBXGroup;
			children = (
				BFB03604260D1C8E00D52C8B /* ConversationCellModel.swift */,
				BF41CD682628D80C00CEF5A6 /* ConversationListModel.swift */,
				BF7670D22634C48A00BF23C8 /* Animator.swift */,
			);
			path = Model;
			sourceTree = "<group>";
		};
		BF7C432E25EAE65500581B04 /* ConversationsList */ = {
			isa = PBXGroup;
			children = (
				BF6E706525EAF7C40067C156 /* Model */,
				BFF8205525EAFD2D0039C713 /* Controller */,
				BF7C433625EAE81400581B04 /* View */,
			);
			path = ConversationsList;
			sourceTree = "<group>";
		};
		BF7C433625EAE81400581B04 /* View */ = {
			isa = PBXGroup;
			children = (
				BF41CD6C2628D8A600CEF5A6 /* ConversationList.xib */,
				BFB0361D260D205600D52C8B /* ConversationCell.swift */,
			);
			path = View;
			sourceTree = "<group>";
		};
		BF7D175725F941FF00012E0E /* Themes */ = {
			isa = PBXGroup;
			children = (
				BFF4DEA525F97C00004628E1 /* Model */,
				BFF4DEA625F97C0A004628E1 /* Controller */,
				BFF4DEA825F97C1D004628E1 /* View */,
			);
			path = Themes;
			sourceTree = "<group>";
		};
		BF925DD82631F690006877CE /* NetworkManager */ = {
			isa = PBXGroup;
			children = (
				BF925DD52631F65B006877CE /* UrlRequest.swift */,
				BF925DD22631F601006877CE /* RequestManager.swift */,
			);
			path = NetworkManager;
			sourceTree = "<group>";
		};
		BF925DE32631F8A4006877CE /* ImagePicker */ = {
			isa = PBXGroup;
			children = (
				BF925DEB2631F95E006877CE /* Model */,
				BF925DEE2631F99D006877CE /* Controller */,
				BF925DED2631F983006877CE /* View */,
			);
			path = ImagePicker;
			sourceTree = "<group>";
		};
		BF925DEB2631F95E006877CE /* Model */ = {
			isa = PBXGroup;
			children = (
				BF925DE82631F91B006877CE /* ImagePickerModel.swift */,
				BF925DE52631F8D4006877CE /* ImageCellModel.swift */,
			);
			path = Model;
			sourceTree = "<group>";
		};
		BF925DED2631F983006877CE /* View */ = {
			isa = PBXGroup;
			children = (
				BF925DDD2631F857006877CE /* ImagePicker.xib */,
			);
			path = View;
			sourceTree = "<group>";
		};
		BF925DEE2631F99D006877CE /* Controller */ = {
			isa = PBXGroup;
			children = (
				BF925DE02631F877006877CE /* ImagePickerViewController.swift */,
				BF925DD92631F7ED006877CE /* ImageCell.swift */,
			);
			path = Controller;
			sourceTree = "<group>";
		};
		BF925DF72631FBB8006877CE /* PhotosService */ = {
			isa = PBXGroup;
			children = (
				BF925DF02631FB39006877CE /* AllPhotosService.swift */,
				BF925DF32631FB88006877CE /* PhotoService.swift */,
			);
			path = PhotosService;
			sourceTree = "<group>";
		};
		BFB035EA260D146200D52C8B /* ServiceLayer */ = {
			isa = PBXGroup;
			children = (
				BF41CD912628DE9100CEF5A6 /* Assembly */,
				BF2DE7C32603ECAE00F8A496 /* Services */,
			);
			path = ServiceLayer;
			sourceTree = "<group>";
		};
		BFB035F2260D1A1B00D52C8B /* Helpers */ = {
			isa = PBXGroup;
			children = (
				BFF8C60A2603FCA30050D03A /* AvatarView.swift */,
				BFB035EF260D1A0300D52C8B /* CustomTextField.swift */,
				BFB03622260D239F00D52C8B /* Constants.swift */,
				BF41CDC62628E6F200CEF5A6 /* HelperFunctions.swift */,
				BF41CDC92628E72100CEF5A6 /* ViewController+Navigation.swift */,
			);
			path = Helpers;
			sourceTree = "<group>";
		};
		BFD99E8525F018AD00946323 /* Profile */ = {
			isa = PBXGroup;
			children = (
				BF2DE7C52603ECD400F8A496 /* Model */,
				BFD99E8725F018BF00946323 /* Controller */,
				BFD99E8925F018CB00946323 /* View */,
			);
			path = Profile;
			sourceTree = "<group>";
		};
		BFD99E8725F018BF00946323 /* Controller */ = {
			isa = PBXGroup;
			children = (
				BF08FAD025D8830D00D33DEF /* ProfileViewController.swift */,
			);
			path = Controller;
			sourceTree = "<group>";
		};
		BFD99E8925F018CB00946323 /* View */ = {
			isa = PBXGroup;
			children = (
				BF7670D62634C53900BF23C8 /* Profile.xib */,
				BF41CD812628DC5400CEF5A6 /* ProfileView.swift */,
			);
			path = View;
			sourceTree = "<group>";
		};
		BFD99E8D25F019A700946323 /* Conversation */ = {
			isa = PBXGroup;
			children = (
				BFD99E9B25F023F900946323 /* Model */,
				BFD99E9D25F0240400946323 /* Controller */,
				BFD99E9E25F0241600946323 /* View */,
			);
			path = Conversation;
			sourceTree = "<group>";
		};
		BFD99E9B25F023F900946323 /* Model */ = {
			isa = PBXGroup;
			children = (
				BFB035F7260D1B7100D52C8B /* MessageCellModel.swift */,
				BF41CD702628DA6100CEF5A6 /* ConversationModel.swift */,
				BF7670CF2634C38000BF23C8 /* TinkoffCell.swift */,
			);
			path = Model;
			sourceTree = "<group>";
		};
		BFD99E9D25F0240400946323 /* Controller */ = {
			isa = PBXGroup;
			children = (
				BFD99E8A25F0198200946323 /* ConversationViewController.swift */,
			);
			path = Controller;
			sourceTree = "<group>";
		};
		BFD99E9E25F0241600946323 /* View */ = {
			isa = PBXGroup;
			children = (
				BF41CD772628DAFA00CEF5A6 /* Conversation.xib */,
				BF41CD742628DAD700CEF5A6 /* ConversationView.swift */,
				BFB03610260D1EA800D52C8B /* SentMessageCell.swift */,
				BFB03613260D1EDD00D52C8B /* ReceivedMessageCell.swift */,
			);
			path = View;
			sourceTree = "<group>";
		};
		BFF4DEA525F97C00004628E1 /* Model */ = {
			isa = PBXGroup;
			children = (
				BF7D175F25F942EA00012E0E /* Colors.swift */,
				BF41CD862628DD8C00CEF5A6 /* ThemesModel.swift */,
			);
			path = Model;
			sourceTree = "<group>";
		};
		BFF4DEA625F97C0A004628E1 /* Controller */ = {
			isa = PBXGroup;
			children = (
				BF7D175425F941E100012E0E /* ThemesViewController.swift */,
			);
			path = Controller;
			sourceTree = "<group>";
		};
		BFF4DEA825F97C1D004628E1 /* View */ = {
			isa = PBXGroup;
			children = (
				BF41CD892628DDAE00CEF5A6 /* Themes.xib */,
			);
			path = View;
			sourceTree = "<group>";
		};
		BFF8205525EAFD2D0039C713 /* Controller */ = {
			isa = PBXGroup;
			children = (
				BF7C432825EAE61600581B04 /* ConversationListViewController.swift */,
			);
			path = Controller;
			sourceTree = "<group>";
		};
/* End PBXGroup section */

/* Begin PBXNativeTarget section */
		BF08FAC825D8830D00D33DEF /* ChatApp */ = {
			isa = PBXNativeTarget;
			buildConfigurationList = BF08FADD25D8830E00D33DEF /* Build configuration list for PBXNativeTarget "ChatApp" */;
			buildPhases = (
				7E4B423A8C93C4051DCA122D /* [CP] Check Pods Manifest.lock */,
				BF08FAC525D8830D00D33DEF /* Sources */,
				BF08FAC625D8830D00D33DEF /* Frameworks */,
				BF08FAC725D8830D00D33DEF /* Resources */,
				3FEE408D224C0C33A0A7886A /* [CP] Embed Pods Frameworks */,
				BF28B5D1261790E3005EFAE3 /* ShellScript */,
			);
			buildRules = (
			);
			dependencies = (
			);
			name = ChatApp;
			productName = ChatApp;
			productReference = BF08FAC925D8830D00D33DEF /* ChatApp.app */;
			productType = "com.apple.product-type.application";
		};
		BF0EAAC8263DD69F00BFA969 /* ChatAppUITests */ = {
			isa = PBXNativeTarget;
			buildConfigurationList = BF0EAAD2263DD69F00BFA969 /* Build configuration list for PBXNativeTarget "ChatAppUITests" */;
			buildPhases = (
				BF0EAAC5263DD69F00BFA969 /* Sources */,
				BF0EAAC6263DD69F00BFA969 /* Frameworks */,
				BF0EAAC7263DD69F00BFA969 /* Resources */,
			);
			buildRules = (
			);
			dependencies = (
				BF0EAACF263DD69F00BFA969 /* PBXTargetDependency */,
			);
			name = ChatAppUITests;
			productName = ChatAppUITests;
			productReference = BF0EAAC9263DD69F00BFA969 /* ChatAppUITests.xctest */;
			productType = "com.apple.product-type.bundle.ui-testing";
		};
		BF0EAAD8263DDC1600BFA969 /* ChatAppTests */ = {
			isa = PBXNativeTarget;
			buildConfigurationList = BF0EAAE0263DDC1600BFA969 /* Build configuration list for PBXNativeTarget "ChatAppTests" */;
			buildPhases = (
				1BC2A60D04DD93EB97C60EF5 /* [CP] Check Pods Manifest.lock */,
				BF0EAAD5263DDC1600BFA969 /* Sources */,
				BF0EAAD6263DDC1600BFA969 /* Frameworks */,
				BF0EAAD7263DDC1600BFA969 /* Resources */,
			);
			buildRules = (
			);
			dependencies = (
				BF0EAADF263DDC1600BFA969 /* PBXTargetDependency */,
			);
			name = ChatAppTests;
			productName = ChatAppTests;
			productReference = BF0EAAD9263DDC1600BFA969 /* ChatAppTests.xctest */;
			productType = "com.apple.product-type.bundle.unit-test";
		};
/* End PBXNativeTarget section */

/* Begin PBXProject section */
		BF08FAC125D8830D00D33DEF /* Project object */ = {
			isa = PBXProject;
			attributes = {
				LastSwiftUpdateCheck = 1240;
				LastUpgradeCheck = 1240;
				ORGANIZATIONNAME = "Ilnur Mugaev";
				TargetAttributes = {
					BF08FAC825D8830D00D33DEF = {
						CreatedOnToolsVersion = 12.4;
					};
					BF0EAAC8263DD69F00BFA969 = {
						CreatedOnToolsVersion = 12.4;
						TestTargetID = BF08FAC825D8830D00D33DEF;
					};
					BF0EAAD8263DDC1600BFA969 = {
						CreatedOnToolsVersion = 12.4;
						TestTargetID = BF08FAC825D8830D00D33DEF;
					};
				};
			};
			buildConfigurationList = BF08FAC425D8830D00D33DEF /* Build configuration list for PBXProject "ChatApp" */;
			compatibilityVersion = "Xcode 9.3";
			developmentRegion = en;
			hasScannedForEncodings = 0;
			knownRegions = (
				en,
				Base,
			);
			mainGroup = BF08FAC025D8830D00D33DEF;
			productRefGroup = BF08FACA25D8830D00D33DEF /* Products */;
			projectDirPath = "";
			projectRoot = "";
			targets = (
				BF08FAC825D8830D00D33DEF /* ChatApp */,
				BF0EAAC8263DD69F00BFA969 /* ChatAppUITests */,
				BF0EAAD8263DDC1600BFA969 /* ChatAppTests */,
			);
		};
/* End PBXProject section */

/* Begin PBXResourcesBuildPhase section */
		BF08FAC725D8830D00D33DEF /* Resources */ = {
			isa = PBXResourcesBuildPhase;
			buildActionMask = 2147483647;
			files = (
				BFB035DD260D11D700D52C8B /* .swiftlint.yml in Resources */,
				BF08FAD925D8830E00D33DEF /* LaunchScreen.storyboard in Resources */,
				BF41CD6D2628D8A600CEF5A6 /* ConversationList.xib in Resources */,
				BF925DDE2631F857006877CE /* ImagePicker.xib in Resources */,
				BF08FAD625D8830E00D33DEF /* Assets.xcassets in Resources */,
				BF41CD8A2628DDAF00CEF5A6 /* Themes.xib in Resources */,
				BFB035E2260D11F500D52C8B /* GoogleService-Info.plist in Resources */,
				BF7670D72634C53A00BF23C8 /* Profile.xib in Resources */,
				BF41CD782628DAFA00CEF5A6 /* Conversation.xib in Resources */,
			);
			runOnlyForDeploymentPostprocessing = 0;
		};
		BF0EAAC7263DD69F00BFA969 /* Resources */ = {
			isa = PBXResourcesBuildPhase;
			buildActionMask = 2147483647;
			files = (
			);
			runOnlyForDeploymentPostprocessing = 0;
		};
		BF0EAAD7263DDC1600BFA969 /* Resources */ = {
			isa = PBXResourcesBuildPhase;
			buildActionMask = 2147483647;
			files = (
			);
			runOnlyForDeploymentPostprocessing = 0;
		};
/* End PBXResourcesBuildPhase section */

/* Begin PBXShellScriptBuildPhase section */
		1BC2A60D04DD93EB97C60EF5 /* [CP] Check Pods Manifest.lock */ = {
			isa = PBXShellScriptBuildPhase;
			buildActionMask = 2147483647;
			files = (
			);
			inputFileListPaths = (
			);
			inputPaths = (
				"${PODS_PODFILE_DIR_PATH}/Podfile.lock",
				"${PODS_ROOT}/Manifest.lock",
			);
			name = "[CP] Check Pods Manifest.lock";
			outputFileListPaths = (
			);
			outputPaths = (
				"$(DERIVED_FILE_DIR)/Pods-ChatAppTests-checkManifestLockResult.txt",
			);
			runOnlyForDeploymentPostprocessing = 0;
			shellPath = /bin/sh;
			shellScript = "diff \"${PODS_PODFILE_DIR_PATH}/Podfile.lock\" \"${PODS_ROOT}/Manifest.lock\" > /dev/null\nif [ $? != 0 ] ; then\n    # print error to STDERR\n    echo \"error: The sandbox is not in sync with the Podfile.lock. Run 'pod install' or update your CocoaPods installation.\" >&2\n    exit 1\nfi\n# This output is used by Xcode 'outputs' to avoid re-running this script phase.\necho \"SUCCESS\" > \"${SCRIPT_OUTPUT_FILE_0}\"\n";
			showEnvVarsInLog = 0;
		};
		3FEE408D224C0C33A0A7886A /* [CP] Embed Pods Frameworks */ = {
			isa = PBXShellScriptBuildPhase;
			buildActionMask = 2147483647;
			files = (
			);
			inputFileListPaths = (
				"${PODS_ROOT}/Target Support Files/Pods-ChatApp/Pods-ChatApp-frameworks-${CONFIGURATION}-input-files.xcfilelist",
			);
			name = "[CP] Embed Pods Frameworks";
			outputFileListPaths = (
				"${PODS_ROOT}/Target Support Files/Pods-ChatApp/Pods-ChatApp-frameworks-${CONFIGURATION}-output-files.xcfilelist",
			);
			runOnlyForDeploymentPostprocessing = 0;
			shellPath = /bin/sh;
			shellScript = "\"${PODS_ROOT}/Target Support Files/Pods-ChatApp/Pods-ChatApp-frameworks.sh\"\n";
			showEnvVarsInLog = 0;
		};
		7E4B423A8C93C4051DCA122D /* [CP] Check Pods Manifest.lock */ = {
			isa = PBXShellScriptBuildPhase;
			buildActionMask = 2147483647;
			files = (
			);
			inputFileListPaths = (
			);
			inputPaths = (
				"${PODS_PODFILE_DIR_PATH}/Podfile.lock",
				"${PODS_ROOT}/Manifest.lock",
			);
			name = "[CP] Check Pods Manifest.lock";
			outputFileListPaths = (
			);
			outputPaths = (
				"$(DERIVED_FILE_DIR)/Pods-ChatApp-checkManifestLockResult.txt",
			);
			runOnlyForDeploymentPostprocessing = 0;
			shellPath = /bin/sh;
			shellScript = "diff \"${PODS_PODFILE_DIR_PATH}/Podfile.lock\" \"${PODS_ROOT}/Manifest.lock\" > /dev/null\nif [ $? != 0 ] ; then\n    # print error to STDERR\n    echo \"error: The sandbox is not in sync with the Podfile.lock. Run 'pod install' or update your CocoaPods installation.\" >&2\n    exit 1\nfi\n# This output is used by Xcode 'outputs' to avoid re-running this script phase.\necho \"SUCCESS\" > \"${SCRIPT_OUTPUT_FILE_0}\"\n";
			showEnvVarsInLog = 0;
		};
		BF28B5D1261790E3005EFAE3 /* ShellScript */ = {
			isa = PBXShellScriptBuildPhase;
			buildActionMask = 2147483647;
			files = (
			);
			inputFileListPaths = (
			);
			inputPaths = (
			);
			outputFileListPaths = (
			);
			outputPaths = (
			);
			runOnlyForDeploymentPostprocessing = 0;
			shellPath = /bin/sh;
			shellScript = "if which \"${PODS_ROOT}/SwiftLint/swiftlint\" >/dev/null; then\n  \"${PODS_ROOT}/SwiftLint/swiftlint\"\nelse\n  echo \"warning: SwiftLint not installed, download from https://github.com/realm/SwiftLint\"\nfi\n";
		};
/* End PBXShellScriptBuildPhase section */

/* Begin PBXSourcesBuildPhase section */
		BF08FAC525D8830D00D33DEF /* Sources */ = {
			isa = PBXSourcesBuildPhase;
			buildActionMask = 2147483647;
			files = (
				BF41CD7B2628DC0B00CEF5A6 /* ProfileModel.swift in Sources */,
				BFB035F0260D1A0300D52C8B /* CustomTextField.swift in Sources */,
				BFB03605260D1C8E00D52C8B /* ConversationCellModel.swift in Sources */,
				BF41CD8F2628DE6E00CEF5A6 /* ServiceAssembly.swift in Sources */,
				BF7670D32634C48A00BF23C8 /* Animator.swift in Sources */,
				BF41CDAA2628E40400CEF5A6 /* ChannelsDataProvider.swift in Sources */,
				BF925DD32631F601006877CE /* RequestManager.swift in Sources */,
				BF08FAD125D8830D00D33DEF /* ProfileViewController.swift in Sources */,
				BF41CD602628D63000CEF5A6 /* PresentationAssembly.swift in Sources */,
				BFB0361E260D205600D52C8B /* ConversationCell.swift in Sources */,
				BF925DE92631F91B006877CE /* ImagePickerModel.swift in Sources */,
				BF41CDCA2628E72100CEF5A6 /* ViewController+Navigation.swift in Sources */,
				BF41CD872628DD8C00CEF5A6 /* ThemesModel.swift in Sources */,
				BF2DE7B42603E30700F8A496 /* GCDFileService.swift in Sources */,
				BF2DE7B72603E36B00F8A496 /* LoadOperation.swift in Sources */,
				BF28B5CE2617837B005EFAE3 /* CoreDataManager.swift in Sources */,
				BF925DE12631F877006877CE /* ImagePickerViewController.swift in Sources */,
				BF925DF12631FB39006877CE /* AllPhotosService.swift in Sources */,
				BF925DF42631FB88006877CE /* PhotoService.swift in Sources */,
				BF7670DA2634C5C800BF23C8 /* EmitterAnimationService.swift in Sources */,
				BF41CDB22628E4BB00CEF5A6 /* MessagesService.swift in Sources */,
				BF41CDBF2628E5AD00CEF5A6 /* SaveToFileManager.swift in Sources */,
				BF28B5C82617825B005EFAE3 /* ChannelDB+CoreDataClass.swift in Sources */,
				BFD99E8B25F0198200946323 /* ConversationViewController.swift in Sources */,
				BFB03614260D1EDD00D52C8B /* ReceivedMessageCell.swift in Sources */,
				BF7D176025F942EA00012E0E /* Colors.swift in Sources */,
				BF2DE7BD2603E3E800F8A496 /* SaveOperation.swift in Sources */,
				BF41CDB52628E4E800CEF5A6 /* MessagesDataProvider.swift in Sources */,
				BFB03623260D239F00D52C8B /* Constants.swift in Sources */,
				BF41CD692628D80C00CEF5A6 /* ConversationListModel.swift in Sources */,
				BFB035E8260D145900D52C8B /* FirebaseManager.swift in Sources */,
				BF925DDA2631F7ED006877CE /* ImageCell.swift in Sources */,
				BF41CD5D2628D5CA00CEF5A6 /* RootAssembly.swift in Sources */,
				BF28B5C5261781BA005EFAE3 /* MessageDB+CoreDataProperties.swift in Sources */,
				BF28B5BF261780DB005EFAE3 /* Chat.xcdatamodeld in Sources */,
				BF41CD712628DA6100CEF5A6 /* ConversationModel.swift in Sources */,
				BF28B5C226178187005EFAE3 /* MessageDB+CoreDataClass.swift in Sources */,
				BF7C432925EAE61600581B04 /* ConversationListViewController.swift in Sources */,
				BF41CD752628DAD700CEF5A6 /* ConversationView.swift in Sources */,
				BF41CDAD2628E43300CEF5A6 /* ChannelsFetchedResultsService.swift in Sources */,
				BF41CDC32628E65900CEF5A6 /* FetchManager.swift in Sources */,
				BF7670D02634C38000BF23C8 /* TinkoffCell.swift in Sources */,
				BF925DD62631F65B006877CE /* UrlRequest.swift in Sources */,
				BF7D175D25F9429B00012E0E /* ThemeService.swift in Sources */,
				BF28B5CB26178290005EFAE3 /* ChannelDB+CoreDataProperties.swift in Sources */,
				BF41CDA72628E3CB00CEF5A6 /* ChannelsService.swift in Sources */,
				BF2DE7BA2603E3AC00F8A496 /* OperationFileService.swift in Sources */,
				BF08FACD25D8830D00D33DEF /* AppDelegate.swift in Sources */,
				BFB035ED260D14C700D52C8B /* AlertService.swift in Sources */,
				BF41CD822628DC5400CEF5A6 /* ProfileView.swift in Sources */,
				BF08FAE325D8849800D33DEF /* Logging.swift in Sources */,
				BFF8C60B2603FCA30050D03A /* AvatarView.swift in Sources */,
				BF41CDC72628E6F200CEF5A6 /* HelperFunctions.swift in Sources */,
				BF7D175525F941E100012E0E /* ThemesViewController.swift in Sources */,
				BF41CDB82628E51600CEF5A6 /* MessagesFetchedResultsService.swift in Sources */,
				BF2DE7C02603E65A00F8A496 /* User.swift in Sources */,
				BF41CD9C2628E1DE00CEF5A6 /* CoreAssembly.swift in Sources */,
				BF925DE62631F8D4006877CE /* ImageCellModel.swift in Sources */,
				BFB035F8260D1B7100D52C8B /* MessageCellModel.swift in Sources */,
				BFB03611260D1EA800D52C8B /* SentMessageCell.swift in Sources */,
			);
			runOnlyForDeploymentPostprocessing = 0;
		};
		BF0EAAC5263DD69F00BFA969 /* Sources */ = {
			isa = PBXSourcesBuildPhase;
			buildActionMask = 2147483647;
			files = (
				BF0EAACC263DD69F00BFA969 /* ChatAppUITests.swift in Sources */,
			);
			runOnlyForDeploymentPostprocessing = 0;
		};
		BF0EAAD5263DDC1600BFA969 /* Sources */ = {
			isa = PBXSourcesBuildPhase;
			buildActionMask = 2147483647;
			files = (
				BF0EAAEC263DDC8F00BFA969 /* RequestManagerMock.swift in Sources */,
				BF0EAADC263DDC1600BFA969 /* ChatAppTests.swift in Sources */,
				BF0EAAF1263DDCC400BFA969 /* AllPhotosServiceMock.swift in Sources */,
				BF0EAAE7263DDC6900BFA969 /* SaveToFileManagerMock.swift in Sources */,
			);
			runOnlyForDeploymentPostprocessing = 0;
		};
/* End PBXSourcesBuildPhase section */

/* Begin PBXTargetDependency section */
		BF0EAACF263DD69F00BFA969 /* PBXTargetDependency */ = {
			isa = PBXTargetDependency;
			target = BF08FAC825D8830D00D33DEF /* ChatApp */;
			targetProxy = BF0EAACE263DD69F00BFA969 /* PBXContainerItemProxy */;
		};
		BF0EAADF263DDC1600BFA969 /* PBXTargetDependency */ = {
			isa = PBXTargetDependency;
			target = BF08FAC825D8830D00D33DEF /* ChatApp */;
			targetProxy = BF0EAADE263DDC1600BFA969 /* PBXContainerItemProxy */;
		};
/* End PBXTargetDependency section */

/* Begin PBXVariantGroup section */
		BF08FAD725D8830E00D33DEF /* LaunchScreen.storyboard */ = {
			isa = PBXVariantGroup;
			children = (
				BF08FAD825D8830E00D33DEF /* Base */,
			);
			name = LaunchScreen.storyboard;
			sourceTree = "<group>";
		};
/* End PBXVariantGroup section */

/* Begin XCBuildConfiguration section */
		BF08FADB25D8830E00D33DEF /* Debug */ = {
			isa = XCBuildConfiguration;
			buildSettings = {
				ALWAYS_SEARCH_USER_PATHS = NO;
				CLANG_ANALYZER_NONNULL = YES;
				CLANG_ANALYZER_NUMBER_OBJECT_CONVERSION = YES_AGGRESSIVE;
				CLANG_CXX_LANGUAGE_STANDARD = "gnu++14";
				CLANG_CXX_LIBRARY = "libc++";
				CLANG_ENABLE_MODULES = YES;
				CLANG_ENABLE_OBJC_ARC = YES;
				CLANG_ENABLE_OBJC_WEAK = YES;
				CLANG_WARN_BLOCK_CAPTURE_AUTORELEASING = YES;
				CLANG_WARN_BOOL_CONVERSION = YES;
				CLANG_WARN_COMMA = YES;
				CLANG_WARN_CONSTANT_CONVERSION = YES;
				CLANG_WARN_DEPRECATED_OBJC_IMPLEMENTATIONS = YES;
				CLANG_WARN_DIRECT_OBJC_ISA_USAGE = YES_ERROR;
				CLANG_WARN_DOCUMENTATION_COMMENTS = YES;
				CLANG_WARN_EMPTY_BODY = YES;
				CLANG_WARN_ENUM_CONVERSION = YES;
				CLANG_WARN_INFINITE_RECURSION = YES;
				CLANG_WARN_INT_CONVERSION = YES;
				CLANG_WARN_NON_LITERAL_NULL_CONVERSION = YES;
				CLANG_WARN_OBJC_IMPLICIT_RETAIN_SELF = YES;
				CLANG_WARN_OBJC_LITERAL_CONVERSION = YES;
				CLANG_WARN_OBJC_ROOT_CLASS = YES_ERROR;
				CLANG_WARN_QUOTED_INCLUDE_IN_FRAMEWORK_HEADER = YES;
				CLANG_WARN_RANGE_LOOP_ANALYSIS = YES;
				CLANG_WARN_STRICT_PROTOTYPES = YES;
				CLANG_WARN_SUSPICIOUS_MOVE = YES;
				CLANG_WARN_UNGUARDED_AVAILABILITY = YES_AGGRESSIVE;
				CLANG_WARN_UNREACHABLE_CODE = YES;
				CLANG_WARN__DUPLICATE_METHOD_MATCH = YES;
				COPY_PHASE_STRIP = NO;
				DEBUG_INFORMATION_FORMAT = dwarf;
				ENABLE_STRICT_OBJC_MSGSEND = YES;
				ENABLE_TESTABILITY = YES;
				GCC_C_LANGUAGE_STANDARD = gnu11;
				GCC_DYNAMIC_NO_PIC = NO;
				GCC_NO_COMMON_BLOCKS = YES;
				GCC_OPTIMIZATION_LEVEL = 0;
				GCC_PREPROCESSOR_DEFINITIONS = (
					"DEBUG=1",
					"$(inherited)",
				);
				GCC_WARN_64_TO_32_BIT_CONVERSION = YES;
				GCC_WARN_ABOUT_RETURN_TYPE = YES_ERROR;
				GCC_WARN_UNDECLARED_SELECTOR = YES;
				GCC_WARN_UNINITIALIZED_AUTOS = YES_AGGRESSIVE;
				GCC_WARN_UNUSED_FUNCTION = YES;
				GCC_WARN_UNUSED_VARIABLE = YES;
				IPHONEOS_DEPLOYMENT_TARGET = 12.0;
				MTL_ENABLE_DEBUG_INFO = INCLUDE_SOURCE;
				MTL_FAST_MATH = YES;
				ONLY_ACTIVE_ARCH = YES;
				SDKROOT = iphoneos;
				SWIFT_ACTIVE_COMPILATION_CONDITIONS = DEBUG;
				SWIFT_OPTIMIZATION_LEVEL = "-Onone";
			};
			name = Debug;
		};
		BF08FADC25D8830E00D33DEF /* Release */ = {
			isa = XCBuildConfiguration;
			buildSettings = {
				ALWAYS_SEARCH_USER_PATHS = NO;
				CLANG_ANALYZER_NONNULL = YES;
				CLANG_ANALYZER_NUMBER_OBJECT_CONVERSION = YES_AGGRESSIVE;
				CLANG_CXX_LANGUAGE_STANDARD = "gnu++14";
				CLANG_CXX_LIBRARY = "libc++";
				CLANG_ENABLE_MODULES = YES;
				CLANG_ENABLE_OBJC_ARC = YES;
				CLANG_ENABLE_OBJC_WEAK = YES;
				CLANG_WARN_BLOCK_CAPTURE_AUTORELEASING = YES;
				CLANG_WARN_BOOL_CONVERSION = YES;
				CLANG_WARN_COMMA = YES;
				CLANG_WARN_CONSTANT_CONVERSION = YES;
				CLANG_WARN_DEPRECATED_OBJC_IMPLEMENTATIONS = YES;
				CLANG_WARN_DIRECT_OBJC_ISA_USAGE = YES_ERROR;
				CLANG_WARN_DOCUMENTATION_COMMENTS = YES;
				CLANG_WARN_EMPTY_BODY = YES;
				CLANG_WARN_ENUM_CONVERSION = YES;
				CLANG_WARN_INFINITE_RECURSION = YES;
				CLANG_WARN_INT_CONVERSION = YES;
				CLANG_WARN_NON_LITERAL_NULL_CONVERSION = YES;
				CLANG_WARN_OBJC_IMPLICIT_RETAIN_SELF = YES;
				CLANG_WARN_OBJC_LITERAL_CONVERSION = YES;
				CLANG_WARN_OBJC_ROOT_CLASS = YES_ERROR;
				CLANG_WARN_QUOTED_INCLUDE_IN_FRAMEWORK_HEADER = YES;
				CLANG_WARN_RANGE_LOOP_ANALYSIS = YES;
				CLANG_WARN_STRICT_PROTOTYPES = YES;
				CLANG_WARN_SUSPICIOUS_MOVE = YES;
				CLANG_WARN_UNGUARDED_AVAILABILITY = YES_AGGRESSIVE;
				CLANG_WARN_UNREACHABLE_CODE = YES;
				CLANG_WARN__DUPLICATE_METHOD_MATCH = YES;
				COPY_PHASE_STRIP = NO;
				DEBUG_INFORMATION_FORMAT = "dwarf-with-dsym";
				ENABLE_NS_ASSERTIONS = NO;
				ENABLE_STRICT_OBJC_MSGSEND = YES;
				GCC_C_LANGUAGE_STANDARD = gnu11;
				GCC_NO_COMMON_BLOCKS = YES;
				GCC_WARN_64_TO_32_BIT_CONVERSION = YES;
				GCC_WARN_ABOUT_RETURN_TYPE = YES_ERROR;
				GCC_WARN_UNDECLARED_SELECTOR = YES;
				GCC_WARN_UNINITIALIZED_AUTOS = YES_AGGRESSIVE;
				GCC_WARN_UNUSED_FUNCTION = YES;
				GCC_WARN_UNUSED_VARIABLE = YES;
				IPHONEOS_DEPLOYMENT_TARGET = 12.0;
				MTL_ENABLE_DEBUG_INFO = NO;
				MTL_FAST_MATH = YES;
				SDKROOT = iphoneos;
				SWIFT_COMPILATION_MODE = wholemodule;
				SWIFT_OPTIMIZATION_LEVEL = "-O";
				VALIDATE_PRODUCT = YES;
			};
			name = Release;
		};
		BF08FADE25D8830E00D33DEF /* Debug */ = {
			isa = XCBuildConfiguration;
			baseConfigurationReference = BF81DE7F264DAEAC004065BF /* Config.xcconfig */;
			buildSettings = {
				ASSETCATALOG_COMPILER_APPICON_NAME = AppIcon;
				ASSETCATALOG_COMPILER_GLOBAL_ACCENT_COLOR_NAME = AccentColor;
				CODE_SIGN_STYLE = Automatic;
				DEVELOPMENT_TEAM = 45HC849D5Z;
				INFOPLIST_FILE = ChatApp/Info.plist;
				LD_RUNPATH_SEARCH_PATHS = (
					"$(inherited)",
					"@executable_path/Frameworks",
				);
				PRODUCT_BUNDLE_IDENTIFIER = "Ilnur-Mugaev.ChatApp";
				PRODUCT_NAME = "$(TARGET_NAME)";
				SWIFT_VERSION = 5.0;
				TARGETED_DEVICE_FAMILY = "1,2";
			};
			name = Debug;
		};
		BF08FADF25D8830E00D33DEF /* Release */ = {
			isa = XCBuildConfiguration;
			baseConfigurationReference = 09B0E485BB0422705BBA54EF /* Pods-ChatApp.release.xcconfig */;
			buildSettings = {
				ASSETCATALOG_COMPILER_APPICON_NAME = AppIcon;
				ASSETCATALOG_COMPILER_GLOBAL_ACCENT_COLOR_NAME = AccentColor;
				CODE_SIGN_STYLE = Automatic;
				DEVELOPMENT_TEAM = 45HC849D5Z;
				INFOPLIST_FILE = ChatApp/Info.plist;
				LD_RUNPATH_SEARCH_PATHS = (
					"$(inherited)",
					"@executable_path/Frameworks",
				);
				PRODUCT_BUNDLE_IDENTIFIER = "Ilnur-Mugaev.ChatApp";
				PRODUCT_NAME = "$(TARGET_NAME)";
				SWIFT_VERSION = 5.0;
				TARGETED_DEVICE_FAMILY = "1,2";
			};
			name = Release;
		};
		BF0EAAD0263DD69F00BFA969 /* Debug */ = {
			isa = XCBuildConfiguration;
			buildSettings = {
				CODE_SIGN_STYLE = Automatic;
				DEVELOPMENT_TEAM = 45HC849D5Z;
				INFOPLIST_FILE = ChatAppUITests/Info.plist;
				IPHONEOS_DEPLOYMENT_TARGET = 12.0;
				LD_RUNPATH_SEARCH_PATHS = (
					"$(inherited)",
					"@executable_path/Frameworks",
					"@loader_path/Frameworks",
				);
				PRODUCT_BUNDLE_IDENTIFIER = "Ilnur-Mugaev.ChatAppUITests";
				PRODUCT_NAME = "$(TARGET_NAME)";
				SWIFT_VERSION = 5.0;
				TARGETED_DEVICE_FAMILY = "1,2";
				TEST_TARGET_NAME = ChatApp;
			};
			name = Debug;
		};
		BF0EAAD1263DD69F00BFA969 /* Release */ = {
			isa = XCBuildConfiguration;
			buildSettings = {
				CODE_SIGN_STYLE = Automatic;
				DEVELOPMENT_TEAM = 45HC849D5Z;
				INFOPLIST_FILE = ChatAppUITests/Info.plist;
				IPHONEOS_DEPLOYMENT_TARGET = 12.0;
				LD_RUNPATH_SEARCH_PATHS = (
					"$(inherited)",
					"@executable_path/Frameworks",
					"@loader_path/Frameworks",
				);
				PRODUCT_BUNDLE_IDENTIFIER = "Ilnur-Mugaev.ChatAppUITests";
				PRODUCT_NAME = "$(TARGET_NAME)";
				SWIFT_VERSION = 5.0;
				TARGETED_DEVICE_FAMILY = "1,2";
				TEST_TARGET_NAME = ChatApp;
			};
			name = Release;
		};
		BF0EAAE1263DDC1600BFA969 /* Debug */ = {
			isa = XCBuildConfiguration;
			baseConfigurationReference = 5D17740BF76F5A21AEB37A2A /* Pods-ChatAppTests.debug.xcconfig */;
			buildSettings = {
				BUNDLE_LOADER = "$(TEST_HOST)";
				CODE_SIGN_STYLE = Automatic;
				DEVELOPMENT_TEAM = 45HC849D5Z;
				INFOPLIST_FILE = ChatAppTests/Info.plist;
				IPHONEOS_DEPLOYMENT_TARGET = 12.0;
				LD_RUNPATH_SEARCH_PATHS = (
					"$(inherited)",
					"@executable_path/Frameworks",
					"@loader_path/Frameworks",
				);
				PRODUCT_BUNDLE_IDENTIFIER = "Ilnur-Mugaev.ChatAppTests";
				PRODUCT_NAME = "$(TARGET_NAME)";
				SWIFT_VERSION = 5.0;
				TARGETED_DEVICE_FAMILY = "1,2";
				TEST_HOST = "$(BUILT_PRODUCTS_DIR)/ChatApp.app/ChatApp";
			};
			name = Debug;
		};
		BF0EAAE2263DDC1600BFA969 /* Release */ = {
			isa = XCBuildConfiguration;
			baseConfigurationReference = B01A3DEDA9E8F4BFF26C9290 /* Pods-ChatAppTests.release.xcconfig */;
			buildSettings = {
				BUNDLE_LOADER = "$(TEST_HOST)";
				CODE_SIGN_STYLE = Automatic;
				DEVELOPMENT_TEAM = 45HC849D5Z;
				INFOPLIST_FILE = ChatAppTests/Info.plist;
				IPHONEOS_DEPLOYMENT_TARGET = 12.0;
				LD_RUNPATH_SEARCH_PATHS = (
					"$(inherited)",
					"@executable_path/Frameworks",
					"@loader_path/Frameworks",
				);
				PRODUCT_BUNDLE_IDENTIFIER = "Ilnur-Mugaev.ChatAppTests";
				PRODUCT_NAME = "$(TARGET_NAME)";
				SWIFT_VERSION = 5.0;
				TARGETED_DEVICE_FAMILY = "1,2";
				TEST_HOST = "$(BUILT_PRODUCTS_DIR)/ChatApp.app/ChatApp";
			};
			name = Release;
		};
/* End XCBuildConfiguration section */

/* Begin XCConfigurationList section */
		BF08FAC425D8830D00D33DEF /* Build configuration list for PBXProject "ChatApp" */ = {
			isa = XCConfigurationList;
			buildConfigurations = (
				BF08FADB25D8830E00D33DEF /* Debug */,
				BF08FADC25D8830E00D33DEF /* Release */,
			);
			defaultConfigurationIsVisible = 0;
			defaultConfigurationName = Release;
		};
		BF08FADD25D8830E00D33DEF /* Build configuration list for PBXNativeTarget "ChatApp" */ = {
			isa = XCConfigurationList;
			buildConfigurations = (
				BF08FADE25D8830E00D33DEF /* Debug */,
				BF08FADF25D8830E00D33DEF /* Release */,
			);
			defaultConfigurationIsVisible = 0;
			defaultConfigurationName = Release;
		};
		BF0EAAD2263DD69F00BFA969 /* Build configuration list for PBXNativeTarget "ChatAppUITests" */ = {
			isa = XCConfigurationList;
			buildConfigurations = (
				BF0EAAD0263DD69F00BFA969 /* Debug */,
				BF0EAAD1263DD69F00BFA969 /* Release */,
			);
			defaultConfigurationIsVisible = 0;
			defaultConfigurationName = Release;
		};
		BF0EAAE0263DDC1600BFA969 /* Build configuration list for PBXNativeTarget "ChatAppTests" */ = {
			isa = XCConfigurationList;
			buildConfigurations = (
				BF0EAAE1263DDC1600BFA969 /* Debug */,
				BF0EAAE2263DDC1600BFA969 /* Release */,
			);
			defaultConfigurationIsVisible = 0;
			defaultConfigurationName = Release;
		};
/* End XCConfigurationList section */

/* Begin XCVersionGroup section */
		BF28B5BD261780DB005EFAE3 /* Chat.xcdatamodeld */ = {
			isa = XCVersionGroup;
			children = (
				BF28B5BE261780DB005EFAE3 /* Chat.xcdatamodel */,
			);
			currentVersion = BF28B5BE261780DB005EFAE3 /* Chat.xcdatamodel */;
			path = Chat.xcdatamodeld;
			sourceTree = "<group>";
			versionGroupType = wrapper.xcdatamodel;
		};
/* End XCVersionGroup section */
	};
	rootObject = BF08FAC125D8830D00D33DEF /* Project object */;
}
